// !$*UTF8*$!
{
	archiveVersion = 1;
	classes = {
	};
	objectVersion = 46;
	objects = {

/* Begin PBXBuildFile section */
		D80001AE1CD7F98A00255E54 /* NoteNameValidator.swift in Sources */ = {isa = PBXBuildFile; fileRef = D80001AD1CD7F98A00255E54 /* NoteNameValidator.swift */; };
		D80001B11CD801EB00255E54 /* NewNoteViewController.swift in Sources */ = {isa = PBXBuildFile; fileRef = D80001AF1CD801EB00255E54 /* NewNoteViewController.swift */; };
		D80001B21CD801EB00255E54 /* NewNoteViewController.xib in Resources */ = {isa = PBXBuildFile; fileRef = D80001B01CD801EB00255E54 /* NewNoteViewController.xib */; };
		D81281881CCD97F2001749E9 /* ButtonNavViewController.xib in Resources */ = {isa = PBXBuildFile; fileRef = D81281871CCD97F2001749E9 /* ButtonNavViewController.xib */; };
		D812818A1CCD98C0001749E9 /* ButtonNavViewController.swift in Sources */ = {isa = PBXBuildFile; fileRef = D81281891CCD98C0001749E9 /* ButtonNavViewController.swift */; };
		D812818D1CCD9AA3001749E9 /* MainWindowController.swift in Sources */ = {isa = PBXBuildFile; fileRef = D812818B1CCD9AA3001749E9 /* MainWindowController.swift */; };
		D812818E1CCD9AA3001749E9 /* MainWindowController.xib in Resources */ = {isa = PBXBuildFile; fileRef = D812818C1CCD9AA3001749E9 /* MainWindowController.xib */; };
		D81281901CCD9BEC001749E9 /* NotesViewController.xib in Resources */ = {isa = PBXBuildFile; fileRef = D812818F1CCD9BEC001749E9 /* NotesViewController.xib */; };
		D81281921CCDB9CE001749E9 /* TasksViewController.xib in Resources */ = {isa = PBXBuildFile; fileRef = D81281911CCDB9CE001749E9 /* TasksViewController.xib */; };
		D81281941CCDB9DC001749E9 /* GhostnotesViewController.xib in Resources */ = {isa = PBXBuildFile; fileRef = D81281931CCDB9DC001749E9 /* GhostnotesViewController.xib */; };
		D81281961CCDCE6C001749E9 /* NoteCell.swift in Sources */ = {isa = PBXBuildFile; fileRef = D81281951CCDCE6C001749E9 /* NoteCell.swift */; };
		D81281991CCDCFD8001749E9 /* NotesTableViewController.swift in Sources */ = {isa = PBXBuildFile; fileRef = D81281981CCDCFD8001749E9 /* NotesTableViewController.swift */; };
		D812819B1CCDDE93001749E9 /* GNTheme.swift in Sources */ = {isa = PBXBuildFile; fileRef = D812819A1CCDDE93001749E9 /* GNTheme.swift */; };
		D81281A11CCEB36F001749E9 /* RealmSwift.framework in Frameworks */ = {isa = PBXBuildFile; fileRef = D812819F1CCEB36F001749E9 /* RealmSwift.framework */; };
		D81281A21CCEB37E001749E9 /* Realm.framework in Frameworks */ = {isa = PBXBuildFile; fileRef = D812819E1CCEB36F001749E9 /* Realm.framework */; };
		D81281A31CCEB37E001749E9 /* Realm.framework in Embed Frameworks */ = {isa = PBXBuildFile; fileRef = D812819E1CCEB36F001749E9 /* Realm.framework */; settings = {ATTRIBUTES = (CodeSignOnCopy, RemoveHeadersOnCopy, ); }; };
		D81281A51CCEB37E001749E9 /* RealmSwift.framework in Embed Frameworks */ = {isa = PBXBuildFile; fileRef = D812819F1CCEB36F001749E9 /* RealmSwift.framework */; settings = {ATTRIBUTES = (CodeSignOnCopy, RemoveHeadersOnCopy, ); }; };
		D81281A81CCEB3B2001749E9 /* Note.swift in Sources */ = {isa = PBXBuildFile; fileRef = D81281A71CCEB3B2001749E9 /* Note.swift */; };
		D81281AA1CCEB60B001749E9 /* NoteManager.swift in Sources */ = {isa = PBXBuildFile; fileRef = D81281A91CCEB60B001749E9 /* NoteManager.swift */; };
		D84F16B91CC4A204005612BB /* GhostNote.xcdatamodel in Sources */ = {isa = PBXBuildFile; fileRef = D84F16B81CC4A204005612BB /* GhostNote.xcdatamodel */; };
		D84F16BC1CC4A222005612BB /* GNNote+CoreDataProperties.swift in Sources */ = {isa = PBXBuildFile; fileRef = D84F16BA1CC4A222005612BB /* GNNote+CoreDataProperties.swift */; };
		D84F16BD1CC4A222005612BB /* GNNote.swift in Sources */ = {isa = PBXBuildFile; fileRef = D84F16BB1CC4A222005612BB /* GNNote.swift */; };
		D84F16C01CC4A4F8005612BB /* GhostNoteManager.swift in Sources */ = {isa = PBXBuildFile; fileRef = D84F16BF1CC4A4F8005612BB /* GhostNoteManager.swift */; };
		D84F16C51CC54ED6005612BB /* AppIconProvider.swift in Sources */ = {isa = PBXBuildFile; fileRef = D84F16C21CC54ED6005612BB /* AppIconProvider.swift */; };
		D84F16C61CC54ED6005612BB /* AppNameProvider.swift in Sources */ = {isa = PBXBuildFile; fileRef = D84F16C31CC54ED6005612BB /* AppNameProvider.swift */; };
		D84F16C71CC54ED6005612BB /* DocumentIconProvider.swift in Sources */ = {isa = PBXBuildFile; fileRef = D84F16C41CC54ED6005612BB /* DocumentIconProvider.swift */; };
		D84F16D11CC550C3005612BB /* GhostnotesOutlineController.swift in Sources */ = {isa = PBXBuildFile; fileRef = D84F16D01CC550C3005612BB /* GhostnotesOutlineController.swift */; };
		D84F16D41CC553B3005612BB /* App.swift in Sources */ = {isa = PBXBuildFile; fileRef = D84F16D31CC553B3005612BB /* App.swift */; };
		D84F16D61CC553DC005612BB /* Document.swift in Sources */ = {isa = PBXBuildFile; fileRef = D84F16D51CC553DC005612BB /* Document.swift */; };
		D84F16DD1CC60EB6005612BB /* AppCell.swift in Sources */ = {isa = PBXBuildFile; fileRef = D84F16DC1CC60EB6005612BB /* AppCell.swift */; };
		D84F16DF1CC60EEE005612BB /* DocCell.swift in Sources */ = {isa = PBXBuildFile; fileRef = D84F16DE1CC60EEE005612BB /* DocCell.swift */; };
		D84F16E61CC71215005612BB /* NotesViewController.swift in Sources */ = {isa = PBXBuildFile; fileRef = D84F16E41CC71215005612BB /* NotesViewController.swift */; };
		D84F16EB1CC7123E005612BB /* TasksViewController.swift in Sources */ = {isa = PBXBuildFile; fileRef = D84F16E91CC7123E005612BB /* TasksViewController.swift */; };
		D84F16F01CC71260005612BB /* GhostnotesViewController.swift in Sources */ = {isa = PBXBuildFile; fileRef = D84F16EE1CC71260005612BB /* GhostnotesViewController.swift */; };
		D8D10EC61CC48A9F00A434F6 /* AppDelegate.swift in Sources */ = {isa = PBXBuildFile; fileRef = D8D10EC51CC48A9F00A434F6 /* AppDelegate.swift */; };
		D8D10ECB1CC48A9F00A434F6 /* Assets.xcassets in Resources */ = {isa = PBXBuildFile; fileRef = D8D10ECA1CC48A9F00A434F6 /* Assets.xcassets */; };
		D8D10ECE1CC48A9F00A434F6 /* MainMenu.xib in Resources */ = {isa = PBXBuildFile; fileRef = D8D10ECC1CC48A9F00A434F6 /* MainMenu.xib */; };
		D8D10ED91CC48A9F00A434F6 /* Ghostnote_BrowserTests.swift in Sources */ = {isa = PBXBuildFile; fileRef = D8D10ED81CC48A9F00A434F6 /* Ghostnote_BrowserTests.swift */; };
		D8D10EE41CC48A9F00A434F6 /* Ghostnote_BrowserUITests.swift in Sources */ = {isa = PBXBuildFile; fileRef = D8D10EE31CC48A9F00A434F6 /* Ghostnote_BrowserUITests.swift */; };
		D8E659131CC49A40002CEA9B /* MagicalRecord.framework in Frameworks */ = {isa = PBXBuildFile; fileRef = D8E659111CC499A8002CEA9B /* MagicalRecord.framework */; };
		D8E659141CC49A40002CEA9B /* MagicalRecord.framework in Embed Frameworks */ = {isa = PBXBuildFile; fileRef = D8E659111CC499A8002CEA9B /* MagicalRecord.framework */; settings = {ATTRIBUTES = (CodeSignOnCopy, RemoveHeadersOnCopy, ); }; };
/* End PBXBuildFile section */

/* Begin PBXContainerItemProxy section */
		D8D10ED51CC48A9F00A434F6 /* PBXContainerItemProxy */ = {
			isa = PBXContainerItemProxy;
			containerPortal = D8D10EBA1CC48A9F00A434F6 /* Project object */;
			proxyType = 1;
			remoteGlobalIDString = D8D10EC11CC48A9F00A434F6;
			remoteInfo = "Ghostnote Browser";
		};
		D8D10EE01CC48A9F00A434F6 /* PBXContainerItemProxy */ = {
			isa = PBXContainerItemProxy;
			containerPortal = D8D10EBA1CC48A9F00A434F6 /* Project object */;
			proxyType = 1;
			remoteGlobalIDString = D8D10EC11CC48A9F00A434F6;
			remoteInfo = "Ghostnote Browser";
		};
/* End PBXContainerItemProxy section */

/* Begin PBXCopyFilesBuildPhase section */
		D8E659151CC49A40002CEA9B /* Embed Frameworks */ = {
			isa = PBXCopyFilesBuildPhase;
			buildActionMask = 2147483647;
			dstPath = "";
			dstSubfolderSpec = 10;
			files = (
				D81281A31CCEB37E001749E9 /* Realm.framework in Embed Frameworks */,
				D8E659141CC49A40002CEA9B /* MagicalRecord.framework in Embed Frameworks */,
				D81281A51CCEB37E001749E9 /* RealmSwift.framework in Embed Frameworks */,
			);
			name = "Embed Frameworks";
			runOnlyForDeploymentPostprocessing = 0;
		};
/* End PBXCopyFilesBuildPhase section */

/* Begin PBXFileReference section */
		D80001A51CD7EC8000255E54 /* FileKit.framework */ = {isa = PBXFileReference; lastKnownFileType = wrapper.framework; name = FileKit.framework; path = Carthage/Build/Mac/FileKit.framework; sourceTree = "<group>"; };
		D80001AD1CD7F98A00255E54 /* NoteNameValidator.swift */ = {isa = PBXFileReference; fileEncoding = 4; lastKnownFileType = sourcecode.swift; name = NoteNameValidator.swift; path = Models/NoteNameValidator.swift; sourceTree = "<group>"; };
		D80001AF1CD801EB00255E54 /* NewNoteViewController.swift */ = {isa = PBXFileReference; fileEncoding = 4; lastKnownFileType = sourcecode.swift; name = NewNoteViewController.swift; path = "View Controllers/NewNoteViewController.swift"; sourceTree = "<group>"; };
		D80001B01CD801EB00255E54 /* NewNoteViewController.xib */ = {isa = PBXFileReference; fileEncoding = 4; lastKnownFileType = file.xib; name = NewNoteViewController.xib; path = "View Controllers/NewNoteViewController.xib"; sourceTree = "<group>"; };
		D81281871CCD97F2001749E9 /* ButtonNavViewController.xib */ = {isa = PBXFileReference; fileEncoding = 4; lastKnownFileType = file.xib; name = ButtonNavViewController.xib; path = Views/ButtonNavViewController.xib; sourceTree = "<group>"; };
		D81281891CCD98C0001749E9 /* ButtonNavViewController.swift */ = {isa = PBXFileReference; fileEncoding = 4; lastKnownFileType = sourcecode.swift; name = ButtonNavViewController.swift; path = "View Controllers/ButtonNavViewController.swift"; sourceTree = "<group>"; };
		D812818B1CCD9AA3001749E9 /* MainWindowController.swift */ = {isa = PBXFileReference; fileEncoding = 4; lastKnownFileType = sourcecode.swift; path = MainWindowController.swift; sourceTree = "<group>"; };
		D812818C1CCD9AA3001749E9 /* MainWindowController.xib */ = {isa = PBXFileReference; fileEncoding = 4; lastKnownFileType = file.xib; path = MainWindowController.xib; sourceTree = "<group>"; };
		D812818F1CCD9BEC001749E9 /* NotesViewController.xib */ = {isa = PBXFileReference; fileEncoding = 4; lastKnownFileType = file.xib; path = NotesViewController.xib; sourceTree = "<group>"; };
		D81281911CCDB9CE001749E9 /* TasksViewController.xib */ = {isa = PBXFileReference; fileEncoding = 4; lastKnownFileType = file.xib; path = TasksViewController.xib; sourceTree = "<group>"; };
		D81281931CCDB9DC001749E9 /* GhostnotesViewController.xib */ = {isa = PBXFileReference; fileEncoding = 4; lastKnownFileType = file.xib; path = GhostnotesViewController.xib; sourceTree = "<group>"; };
		D81281951CCDCE6C001749E9 /* NoteCell.swift */ = {isa = PBXFileReference; fileEncoding = 4; lastKnownFileType = sourcecode.swift; name = NoteCell.swift; path = Views/NoteCell.swift; sourceTree = "<group>"; };
		D81281981CCDCFD8001749E9 /* NotesTableViewController.swift */ = {isa = PBXFileReference; fileEncoding = 4; lastKnownFileType = sourcecode.swift; path = NotesTableViewController.swift; sourceTree = "<group>"; };
		D812819A1CCDDE93001749E9 /* GNTheme.swift */ = {isa = PBXFileReference; fileEncoding = 4; lastKnownFileType = sourcecode.swift; name = GNTheme.swift; path = Models/GNTheme.swift; sourceTree = "<group>"; };
		D812819E1CCEB36F001749E9 /* Realm.framework */ = {isa = PBXFileReference; lastKnownFileType = wrapper.framework; name = Realm.framework; path = Carthage/Build/Mac/Realm.framework; sourceTree = "<group>"; };
		D812819F1CCEB36F001749E9 /* RealmSwift.framework */ = {isa = PBXFileReference; lastKnownFileType = wrapper.framework; name = RealmSwift.framework; path = Carthage/Build/Mac/RealmSwift.framework; sourceTree = "<group>"; };
		D81281A71CCEB3B2001749E9 /* Note.swift */ = {isa = PBXFileReference; fileEncoding = 4; lastKnownFileType = sourcecode.swift; path = Note.swift; sourceTree = "<group>"; };
		D81281A91CCEB60B001749E9 /* NoteManager.swift */ = {isa = PBXFileReference; fileEncoding = 4; lastKnownFileType = sourcecode.swift; path = NoteManager.swift; sourceTree = "<group>"; };
		D84F16B81CC4A204005612BB /* GhostNote.xcdatamodel */ = {isa = PBXFileReference; lastKnownFileType = wrapper.xcdatamodel; path = GhostNote.xcdatamodel; sourceTree = "<group>"; };
		D84F16BA1CC4A222005612BB /* GNNote+CoreDataProperties.swift */ = {isa = PBXFileReference; fileEncoding = 4; lastKnownFileType = sourcecode.swift; name = "GNNote+CoreDataProperties.swift"; path = "CoreData/GNNote+CoreDataProperties.swift"; sourceTree = "<group>"; };
		D84F16BB1CC4A222005612BB /* GNNote.swift */ = {isa = PBXFileReference; fileEncoding = 4; lastKnownFileType = sourcecode.swift; name = GNNote.swift; path = CoreData/GNNote.swift; sourceTree = "<group>"; };
		D84F16BF1CC4A4F8005612BB /* GhostNoteManager.swift */ = {isa = PBXFileReference; fileEncoding = 4; lastKnownFileType = sourcecode.swift; path = GhostNoteManager.swift; sourceTree = "<group>"; };
		D84F16C21CC54ED6005612BB /* AppIconProvider.swift */ = {isa = PBXFileReference; fileEncoding = 4; lastKnownFileType = sourcecode.swift; path = AppIconProvider.swift; sourceTree = "<group>"; };
		D84F16C31CC54ED6005612BB /* AppNameProvider.swift */ = {isa = PBXFileReference; fileEncoding = 4; lastKnownFileType = sourcecode.swift; path = AppNameProvider.swift; sourceTree = "<group>"; };
		D84F16C41CC54ED6005612BB /* DocumentIconProvider.swift */ = {isa = PBXFileReference; fileEncoding = 4; lastKnownFileType = sourcecode.swift; path = DocumentIconProvider.swift; sourceTree = "<group>"; };
		D84F16D01CC550C3005612BB /* GhostnotesOutlineController.swift */ = {isa = PBXFileReference; fileEncoding = 4; lastKnownFileType = sourcecode.swift; name = GhostnotesOutlineController.swift; path = "View Controllers/GhostnotesOutlineController.swift"; sourceTree = "<group>"; };
		D84F16D31CC553B3005612BB /* App.swift */ = {isa = PBXFileReference; fileEncoding = 4; lastKnownFileType = sourcecode.swift; name = App.swift; path = Models/App.swift; sourceTree = "<group>"; };
		D84F16D51CC553DC005612BB /* Document.swift */ = {isa = PBXFileReference; fileEncoding = 4; lastKnownFileType = sourcecode.swift; name = Document.swift; path = Models/Document.swift; sourceTree = "<group>"; };
		D84F16D71CC5E4E1005612BB /* Ghostnote Browser-Bridging-Header.h */ = {isa = PBXFileReference; lastKnownFileType = sourcecode.c.h; path = "Ghostnote Browser-Bridging-Header.h"; sourceTree = "<group>"; };
		D84F16DC1CC60EB6005612BB /* AppCell.swift */ = {isa = PBXFileReference; fileEncoding = 4; lastKnownFileType = sourcecode.swift; path = AppCell.swift; sourceTree = "<group>"; };
		D84F16DE1CC60EEE005612BB /* DocCell.swift */ = {isa = PBXFileReference; fileEncoding = 4; lastKnownFileType = sourcecode.swift; path = DocCell.swift; sourceTree = "<group>"; };
		D84F16E41CC71215005612BB /* NotesViewController.swift */ = {isa = PBXFileReference; fileEncoding = 4; lastKnownFileType = sourcecode.swift; name = NotesViewController.swift; path = "View Controllers/NotesViewController.swift"; sourceTree = "<group>"; };
		D84F16E91CC7123E005612BB /* TasksViewController.swift */ = {isa = PBXFileReference; fileEncoding = 4; lastKnownFileType = sourcecode.swift; name = TasksViewController.swift; path = "View Controllers/TasksViewController.swift"; sourceTree = "<group>"; };
		D84F16EE1CC71260005612BB /* GhostnotesViewController.swift */ = {isa = PBXFileReference; fileEncoding = 4; lastKnownFileType = sourcecode.swift; name = GhostnotesViewController.swift; path = "View Controllers/GhostnotesViewController.swift"; sourceTree = "<group>"; };
		D8D10EC21CC48A9F00A434F6 /* Ghostnote Browser.app */ = {isa = PBXFileReference; explicitFileType = wrapper.application; includeInIndex = 0; path = "Ghostnote Browser.app"; sourceTree = BUILT_PRODUCTS_DIR; };
		D8D10EC51CC48A9F00A434F6 /* AppDelegate.swift */ = {isa = PBXFileReference; lastKnownFileType = sourcecode.swift; path = AppDelegate.swift; sourceTree = "<group>"; };
		D8D10ECA1CC48A9F00A434F6 /* Assets.xcassets */ = {isa = PBXFileReference; lastKnownFileType = folder.assetcatalog; path = Assets.xcassets; sourceTree = "<group>"; };
		D8D10ECD1CC48A9F00A434F6 /* Base */ = {isa = PBXFileReference; lastKnownFileType = file.xib; name = Base; path = Base.lproj/MainMenu.xib; sourceTree = "<group>"; };
		D8D10ECF1CC48A9F00A434F6 /* Info.plist */ = {isa = PBXFileReference; lastKnownFileType = text.plist.xml; path = Info.plist; sourceTree = "<group>"; };
		D8D10ED41CC48A9F00A434F6 /* Ghostnote BrowserTests.xctest */ = {isa = PBXFileReference; explicitFileType = wrapper.cfbundle; includeInIndex = 0; path = "Ghostnote BrowserTests.xctest"; sourceTree = BUILT_PRODUCTS_DIR; };
		D8D10ED81CC48A9F00A434F6 /* Ghostnote_BrowserTests.swift */ = {isa = PBXFileReference; lastKnownFileType = sourcecode.swift; path = Ghostnote_BrowserTests.swift; sourceTree = "<group>"; };
		D8D10EDA1CC48A9F00A434F6 /* Info.plist */ = {isa = PBXFileReference; lastKnownFileType = text.plist.xml; path = Info.plist; sourceTree = "<group>"; };
		D8D10EDF1CC48A9F00A434F6 /* Ghostnote BrowserUITests.xctest */ = {isa = PBXFileReference; explicitFileType = wrapper.cfbundle; includeInIndex = 0; path = "Ghostnote BrowserUITests.xctest"; sourceTree = BUILT_PRODUCTS_DIR; };
		D8D10EE31CC48A9F00A434F6 /* Ghostnote_BrowserUITests.swift */ = {isa = PBXFileReference; lastKnownFileType = sourcecode.swift; path = Ghostnote_BrowserUITests.swift; sourceTree = "<group>"; };
		D8D10EE51CC48A9F00A434F6 /* Info.plist */ = {isa = PBXFileReference; lastKnownFileType = text.plist.xml; path = Info.plist; sourceTree = "<group>"; };
		D8E659111CC499A8002CEA9B /* MagicalRecord.framework */ = {isa = PBXFileReference; lastKnownFileType = wrapper.framework; name = MagicalRecord.framework; path = Carthage/Build/Mac/MagicalRecord.framework; sourceTree = "<group>"; };
/* End PBXFileReference section */

/* Begin PBXFrameworksBuildPhase section */
		D8D10EBF1CC48A9F00A434F6 /* Frameworks */ = {
			isa = PBXFrameworksBuildPhase;
			buildActionMask = 2147483647;
			files = (
				D81281A21CCEB37E001749E9 /* Realm.framework in Frameworks */,
				D8E659131CC49A40002CEA9B /* MagicalRecord.framework in Frameworks */,
				D81281A11CCEB36F001749E9 /* RealmSwift.framework in Frameworks */,
			);
			runOnlyForDeploymentPostprocessing = 0;
		};
		D8D10ED11CC48A9F00A434F6 /* Frameworks */ = {
			isa = PBXFrameworksBuildPhase;
			buildActionMask = 2147483647;
			files = (
			);
			runOnlyForDeploymentPostprocessing = 0;
		};
		D8D10EDC1CC48A9F00A434F6 /* Frameworks */ = {
			isa = PBXFrameworksBuildPhase;
			buildActionMask = 2147483647;
			files = (
			);
			runOnlyForDeploymentPostprocessing = 0;
		};
/* End PBXFrameworksBuildPhase section */

/* Begin PBXGroup section */
		D81281861CCD7AC3001749E9 /* Nav */ = {
			isa = PBXGroup;
			children = (
				D81281871CCD97F2001749E9 /* ButtonNavViewController.xib */,
				D81281891CCD98C0001749E9 /* ButtonNavViewController.swift */,
			);
			name = Nav;
			sourceTree = "<group>";
		};
		D81281971CCDCFB2001749E9 /* View Controller */ = {
			isa = PBXGroup;
			children = (
				D81281981CCDCFD8001749E9 /* NotesTableViewController.swift */,
				D84F16E41CC71215005612BB /* NotesViewController.swift */,
				D812818F1CCD9BEC001749E9 /* NotesViewController.xib */,
			);
			name = "View Controller";
			sourceTree = "<group>";
		};
		D81281A61CCEB3A0001749E9 /* Realm */ = {
			isa = PBXGroup;
			children = (
				D81281A71CCEB3B2001749E9 /* Note.swift */,
			);
			name = Realm;
			sourceTree = "<group>";
		};
		D81281AB1CCEB660001749E9 /* Managers */ = {
			isa = PBXGroup;
			children = (
				D81281A91CCEB60B001749E9 /* NoteManager.swift */,
				D84F16BF1CC4A4F8005612BB /* GhostNoteManager.swift */,
			);
			name = Managers;
			sourceTree = "<group>";
		};
		D84F16BE1CC4A4AE005612BB /* CoreData */ = {
			isa = PBXGroup;
			children = (
				D84F16BA1CC4A222005612BB /* GNNote+CoreDataProperties.swift */,
				D84F16BB1CC4A222005612BB /* GNNote.swift */,
			);
			name = CoreData;
			sourceTree = "<group>";
		};
		D84F16C11CC54E88005612BB /* Providers */ = {
			isa = PBXGroup;
			children = (
				D84F16C21CC54ED6005612BB /* AppIconProvider.swift */,
				D84F16C31CC54ED6005612BB /* AppNameProvider.swift */,
				D84F16C41CC54ED6005612BB /* DocumentIconProvider.swift */,
			);
			name = Providers;
			sourceTree = "<group>";
		};
		D84F16C81CC54FE5005612BB /* Menus */ = {
			isa = PBXGroup;
			children = (
				D8D10ECC1CC48A9F00A434F6 /* MainMenu.xib */,
			);
			name = Menus;
			sourceTree = "<group>";
		};
		D84F16CF1CC550A4005612BB /* View Controllers */ = {
			isa = PBXGroup;
			children = (
				D81281861CCD7AC3001749E9 /* Nav */,
				D84F16E81CC71220005612BB /* Notes */,
				D84F16ED1CC71246005612BB /* Todos */,
				D84F16F21CC7126A005612BB /* Ghostnotes */,
			);
			name = "View Controllers";
			sourceTree = "<group>";
		};
		D84F16D21CC5539D005612BB /* Models */ = {
			isa = PBXGroup;
			children = (
				D81281AB1CCEB660001749E9 /* Managers */,
				D84F16D31CC553B3005612BB /* App.swift */,
				D84F16D51CC553DC005612BB /* Document.swift */,
				D812819A1CCDDE93001749E9 /* GNTheme.swift */,
				D80001AD1CD7F98A00255E54 /* NoteNameValidator.swift */,
			);
			name = Models;
			sourceTree = "<group>";
		};
		D84F16DB1CC60E9C005612BB /* Views */ = {
			isa = PBXGroup;
			children = (
				D84F16DC1CC60EB6005612BB /* AppCell.swift */,
				D84F16DE1CC60EEE005612BB /* DocCell.swift */,
				D81281951CCDCE6C001749E9 /* NoteCell.swift */,
			);
			name = Views;
			sourceTree = "<group>";
		};
		D84F16E81CC71220005612BB /* Notes */ = {
			isa = PBXGroup;
			children = (
				D80001AF1CD801EB00255E54 /* NewNoteViewController.swift */,
				D80001B01CD801EB00255E54 /* NewNoteViewController.xib */,
				D81281971CCDCFB2001749E9 /* View Controller */,
			);
			name = Notes;
			sourceTree = "<group>";
		};
		D84F16ED1CC71246005612BB /* Todos */ = {
			isa = PBXGroup;
			children = (
				D84F16E91CC7123E005612BB /* TasksViewController.swift */,
				D81281911CCDB9CE001749E9 /* TasksViewController.xib */,
			);
			name = Todos;
			sourceTree = "<group>";
		};
		D84F16F21CC7126A005612BB /* Ghostnotes */ = {
			isa = PBXGroup;
			children = (
				D84F16D01CC550C3005612BB /* GhostnotesOutlineController.swift */,
				D84F16EE1CC71260005612BB /* GhostnotesViewController.swift */,
				D81281931CCDB9DC001749E9 /* GhostnotesViewController.xib */,
			);
			name = Ghostnotes;
			sourceTree = "<group>";
		};
		D8D10EB91CC48A9F00A434F6 = {
			isa = PBXGroup;
			children = (
				D80001A51CD7EC8000255E54 /* FileKit.framework */,
				D812819E1CCEB36F001749E9 /* Realm.framework */,
				D812819F1CCEB36F001749E9 /* RealmSwift.framework */,
				D8E659111CC499A8002CEA9B /* MagicalRecord.framework */,
				D8D10EC41CC48A9F00A434F6 /* Ghostnote Browser */,
				D8D10ED71CC48A9F00A434F6 /* Ghostnote BrowserTests */,
				D8D10EE21CC48A9F00A434F6 /* Ghostnote BrowserUITests */,
				D8D10EC31CC48A9F00A434F6 /* Products */,
			);
			sourceTree = "<group>";
		};
		D8D10EC31CC48A9F00A434F6 /* Products */ = {
			isa = PBXGroup;
			children = (
				D8D10EC21CC48A9F00A434F6 /* Ghostnote Browser.app */,
				D8D10ED41CC48A9F00A434F6 /* Ghostnote BrowserTests.xctest */,
				D8D10EDF1CC48A9F00A434F6 /* Ghostnote BrowserUITests.xctest */,
			);
			name = Products;
			sourceTree = "<group>";
		};
		D8D10EC41CC48A9F00A434F6 /* Ghostnote Browser */ = {
			isa = PBXGroup;
			children = (
				D81281A61CCEB3A0001749E9 /* Realm */,
				D84F16DB1CC60E9C005612BB /* Views */,
				D84F16D21CC5539D005612BB /* Models */,
				D84F16CF1CC550A4005612BB /* View Controllers */,
				D84F16C81CC54FE5005612BB /* Menus */,
				D84F16C11CC54E88005612BB /* Providers */,
				D84F16BE1CC4A4AE005612BB /* CoreData */,
				D84F16B81CC4A204005612BB /* GhostNote.xcdatamodel */,
				D8D10EC51CC48A9F00A434F6 /* AppDelegate.swift */,
				D8D10ECA1CC48A9F00A434F6 /* Assets.xcassets */,
				D8D10ECF1CC48A9F00A434F6 /* Info.plist */,
				D84F16D71CC5E4E1005612BB /* Ghostnote Browser-Bridging-Header.h */,
				D812818B1CCD9AA3001749E9 /* MainWindowController.swift */,
				D812818C1CCD9AA3001749E9 /* MainWindowController.xib */,
			);
			path = "Ghostnote Browser";
			sourceTree = "<group>";
		};
		D8D10ED71CC48A9F00A434F6 /* Ghostnote BrowserTests */ = {
			isa = PBXGroup;
			children = (
				D8D10ED81CC48A9F00A434F6 /* Ghostnote_BrowserTests.swift */,
				D8D10EDA1CC48A9F00A434F6 /* Info.plist */,
			);
			path = "Ghostnote BrowserTests";
			sourceTree = "<group>";
		};
		D8D10EE21CC48A9F00A434F6 /* Ghostnote BrowserUITests */ = {
			isa = PBXGroup;
			children = (
				D8D10EE31CC48A9F00A434F6 /* Ghostnote_BrowserUITests.swift */,
				D8D10EE51CC48A9F00A434F6 /* Info.plist */,
			);
			path = "Ghostnote BrowserUITests";
			sourceTree = "<group>";
		};
/* End PBXGroup section */

/* Begin PBXNativeTarget section */
		D8D10EC11CC48A9F00A434F6 /* Ghostnote Browser */ = {
			isa = PBXNativeTarget;
			buildConfigurationList = D8D10EE81CC48A9F00A434F6 /* Build configuration list for PBXNativeTarget "Ghostnote Browser" */;
			buildPhases = (
				D8D10EBE1CC48A9F00A434F6 /* Sources */,
				D8D10EBF1CC48A9F00A434F6 /* Frameworks */,
				D8D10EC01CC48A9F00A434F6 /* Resources */,
				D8E659151CC49A40002CEA9B /* Embed Frameworks */,
			);
			buildRules = (
			);
			dependencies = (
			);
			name = "Ghostnote Browser";
			productName = "Ghostnote Browser";
			productReference = D8D10EC21CC48A9F00A434F6 /* Ghostnote Browser.app */;
			productType = "com.apple.product-type.application";
		};
		D8D10ED31CC48A9F00A434F6 /* Ghostnote BrowserTests */ = {
			isa = PBXNativeTarget;
			buildConfigurationList = D8D10EEB1CC48A9F00A434F6 /* Build configuration list for PBXNativeTarget "Ghostnote BrowserTests" */;
			buildPhases = (
				D8D10ED01CC48A9F00A434F6 /* Sources */,
				D8D10ED11CC48A9F00A434F6 /* Frameworks */,
				D8D10ED21CC48A9F00A434F6 /* Resources */,
			);
			buildRules = (
			);
			dependencies = (
				D8D10ED61CC48A9F00A434F6 /* PBXTargetDependency */,
			);
			name = "Ghostnote BrowserTests";
			productName = "Ghostnote BrowserTests";
			productReference = D8D10ED41CC48A9F00A434F6 /* Ghostnote BrowserTests.xctest */;
			productType = "com.apple.product-type.bundle.unit-test";
		};
		D8D10EDE1CC48A9F00A434F6 /* Ghostnote BrowserUITests */ = {
			isa = PBXNativeTarget;
			buildConfigurationList = D8D10EEE1CC48A9F00A434F6 /* Build configuration list for PBXNativeTarget "Ghostnote BrowserUITests" */;
			buildPhases = (
				D8D10EDB1CC48A9F00A434F6 /* Sources */,
				D8D10EDC1CC48A9F00A434F6 /* Frameworks */,
				D8D10EDD1CC48A9F00A434F6 /* Resources */,
			);
			buildRules = (
			);
			dependencies = (
				D8D10EE11CC48A9F00A434F6 /* PBXTargetDependency */,
			);
			name = "Ghostnote BrowserUITests";
			productName = "Ghostnote BrowserUITests";
			productReference = D8D10EDF1CC48A9F00A434F6 /* Ghostnote BrowserUITests.xctest */;
			productType = "com.apple.product-type.bundle.ui-testing";
		};
/* End PBXNativeTarget section */

/* Begin PBXProject section */
		D8D10EBA1CC48A9F00A434F6 /* Project object */ = {
			isa = PBXProject;
			attributes = {
				LastSwiftUpdateCheck = 0730;
				LastUpgradeCheck = 0730;
				ORGANIZATIONNAME = "Ghostnnote HQ";
				TargetAttributes = {
					D8D10EC11CC48A9F00A434F6 = {
						CreatedOnToolsVersion = 7.3;
						DevelopmentTeam = H37GZ9FGMS;
					};
					D8D10ED31CC48A9F00A434F6 = {
						CreatedOnToolsVersion = 7.3;
						TestTargetID = D8D10EC11CC48A9F00A434F6;
					};
					D8D10EDE1CC48A9F00A434F6 = {
						CreatedOnToolsVersion = 7.3;
						TestTargetID = D8D10EC11CC48A9F00A434F6;
					};
				};
			};
			buildConfigurationList = D8D10EBD1CC48A9F00A434F6 /* Build configuration list for PBXProject "Ghostnote Browser" */;
			compatibilityVersion = "Xcode 3.2";
			developmentRegion = English;
			hasScannedForEncodings = 0;
			knownRegions = (
				en,
				Base,
			);
			mainGroup = D8D10EB91CC48A9F00A434F6;
			productRefGroup = D8D10EC31CC48A9F00A434F6 /* Products */;
			projectDirPath = "";
			projectRoot = "";
			targets = (
				D8D10EC11CC48A9F00A434F6 /* Ghostnote Browser */,
				D8D10ED31CC48A9F00A434F6 /* Ghostnote BrowserTests */,
				D8D10EDE1CC48A9F00A434F6 /* Ghostnote BrowserUITests */,
			);
		};
/* End PBXProject section */

/* Begin PBXResourcesBuildPhase section */
		D8D10EC01CC48A9F00A434F6 /* Resources */ = {
			isa = PBXResourcesBuildPhase;
			buildActionMask = 2147483647;
			files = (
				D81281881CCD97F2001749E9 /* ButtonNavViewController.xib in Resources */,
				D80001B21CD801EB00255E54 /* NewNoteViewController.xib in Resources */,
				D8D10ECB1CC48A9F00A434F6 /* Assets.xcassets in Resources */,
				D81281941CCDB9DC001749E9 /* GhostnotesViewController.xib in Resources */,
				D812818E1CCD9AA3001749E9 /* MainWindowController.xib in Resources */,
				D8D10ECE1CC48A9F00A434F6 /* MainMenu.xib in Resources */,
				D81281901CCD9BEC001749E9 /* NotesViewController.xib in Resources */,
				D81281921CCDB9CE001749E9 /* TasksViewController.xib in Resources */,
			);
			runOnlyForDeploymentPostprocessing = 0;
		};
		D8D10ED21CC48A9F00A434F6 /* Resources */ = {
			isa = PBXResourcesBuildPhase;
			buildActionMask = 2147483647;
			files = (
			);
			runOnlyForDeploymentPostprocessing = 0;
		};
		D8D10EDD1CC48A9F00A434F6 /* Resources */ = {
			isa = PBXResourcesBuildPhase;
			buildActionMask = 2147483647;
			files = (
			);
			runOnlyForDeploymentPostprocessing = 0;
		};
/* End PBXResourcesBuildPhase section */

/* Begin PBXSourcesBuildPhase section */
		D8D10EBE1CC48A9F00A434F6 /* Sources */ = {
			isa = PBXSourcesBuildPhase;
			buildActionMask = 2147483647;
			files = (
				D84F16C71CC54ED6005612BB /* DocumentIconProvider.swift in Sources */,
				D84F16C61CC54ED6005612BB /* AppNameProvider.swift in Sources */,
				D80001AE1CD7F98A00255E54 /* NoteNameValidator.swift in Sources */,
				D80001B11CD801EB00255E54 /* NewNoteViewController.swift in Sources */,
				D81281A81CCEB3B2001749E9 /* Note.swift in Sources */,
				D84F16DF1CC60EEE005612BB /* DocCell.swift in Sources */,
				D84F16D41CC553B3005612BB /* App.swift in Sources */,
				D84F16EB1CC7123E005612BB /* TasksViewController.swift in Sources */,
				D84F16C01CC4A4F8005612BB /* GhostNoteManager.swift in Sources */,
				D84F16B91CC4A204005612BB /* GhostNote.xcdatamodel in Sources */,
				D84F16F01CC71260005612BB /* GhostnotesViewController.swift in Sources */,
				D812819B1CCDDE93001749E9 /* GNTheme.swift in Sources */,
				D812818D1CCD9AA3001749E9 /* MainWindowController.swift in Sources */,
				D81281991CCDCFD8001749E9 /* NotesTableViewController.swift in Sources */,
				D84F16BC1CC4A222005612BB /* GNNote+CoreDataProperties.swift in Sources */,
				D81281AA1CCEB60B001749E9 /* NoteManager.swift in Sources */,
				D84F16D11CC550C3005612BB /* GhostnotesOutlineController.swift in Sources */,
				D84F16BD1CC4A222005612BB /* GNNote.swift in Sources */,
				D84F16E61CC71215005612BB /* NotesViewController.swift in Sources */,
				D84F16D61CC553DC005612BB /* Document.swift in Sources */,
				D84F16DD1CC60EB6005612BB /* AppCell.swift in Sources */,
				D81281961CCDCE6C001749E9 /* NoteCell.swift in Sources */,
				D8D10EC61CC48A9F00A434F6 /* AppDelegate.swift in Sources */,
				D84F16C51CC54ED6005612BB /* AppIconProvider.swift in Sources */,
				D812818A1CCD98C0001749E9 /* ButtonNavViewController.swift in Sources */,
			);
			runOnlyForDeploymentPostprocessing = 0;
		};
		D8D10ED01CC48A9F00A434F6 /* Sources */ = {
			isa = PBXSourcesBuildPhase;
			buildActionMask = 2147483647;
			files = (
				D8D10ED91CC48A9F00A434F6 /* Ghostnote_BrowserTests.swift in Sources */,
			);
			runOnlyForDeploymentPostprocessing = 0;
		};
		D8D10EDB1CC48A9F00A434F6 /* Sources */ = {
			isa = PBXSourcesBuildPhase;
			buildActionMask = 2147483647;
			files = (
				D8D10EE41CC48A9F00A434F6 /* Ghostnote_BrowserUITests.swift in Sources */,
			);
			runOnlyForDeploymentPostprocessing = 0;
		};
/* End PBXSourcesBuildPhase section */

/* Begin PBXTargetDependency section */
		D8D10ED61CC48A9F00A434F6 /* PBXTargetDependency */ = {
			isa = PBXTargetDependency;
			target = D8D10EC11CC48A9F00A434F6 /* Ghostnote Browser */;
			targetProxy = D8D10ED51CC48A9F00A434F6 /* PBXContainerItemProxy */;
		};
		D8D10EE11CC48A9F00A434F6 /* PBXTargetDependency */ = {
			isa = PBXTargetDependency;
			target = D8D10EC11CC48A9F00A434F6 /* Ghostnote Browser */;
			targetProxy = D8D10EE01CC48A9F00A434F6 /* PBXContainerItemProxy */;
		};
/* End PBXTargetDependency section */

/* Begin PBXVariantGroup section */
		D8D10ECC1CC48A9F00A434F6 /* MainMenu.xib */ = {
			isa = PBXVariantGroup;
			children = (
				D8D10ECD1CC48A9F00A434F6 /* Base */,
			);
			name = MainMenu.xib;
			sourceTree = "<group>";
		};
/* End PBXVariantGroup section */

/* Begin XCBuildConfiguration section */
		D8D10EE61CC48A9F00A434F6 /* Debug */ = {
			isa = XCBuildConfiguration;
			buildSettings = {
				ALWAYS_SEARCH_USER_PATHS = NO;
				CLANG_ANALYZER_NONNULL = YES;
				CLANG_CXX_LANGUAGE_STANDARD = "gnu++0x";
				CLANG_CXX_LIBRARY = "libc++";
				CLANG_ENABLE_MODULES = YES;
				CLANG_ENABLE_OBJC_ARC = YES;
				CLANG_WARN_BOOL_CONVERSION = YES;
				CLANG_WARN_CONSTANT_CONVERSION = YES;
				CLANG_WARN_DIRECT_OBJC_ISA_USAGE = YES_ERROR;
				CLANG_WARN_EMPTY_BODY = YES;
				CLANG_WARN_ENUM_CONVERSION = YES;
				CLANG_WARN_INT_CONVERSION = YES;
				CLANG_WARN_OBJC_ROOT_CLASS = YES_ERROR;
				CLANG_WARN_UNREACHABLE_CODE = YES;
				CLANG_WARN__DUPLICATE_METHOD_MATCH = YES;
				CODE_SIGN_IDENTITY = "-";
				COPY_PHASE_STRIP = NO;
				DEBUG_INFORMATION_FORMAT = dwarf;
				ENABLE_STRICT_OBJC_MSGSEND = YES;
				ENABLE_TESTABILITY = YES;
				GCC_C_LANGUAGE_STANDARD = gnu99;
				GCC_DYNAMIC_NO_PIC = NO;
				GCC_NO_COMMON_BLOCKS = YES;
				GCC_OPTIMIZATION_LEVEL = 0;
				GCC_PREPROCESSOR_DEFINITIONS = (
					"DEBUG=1",
					"$(inherited)",
				);
				GCC_WARN_64_TO_32_BIT_CONVERSION = YES;
				GCC_WARN_ABOUT_RETURN_TYPE = YES_ERROR;
				GCC_WARN_UNDECLARED_SELECTOR = YES;
				GCC_WARN_UNINITIALIZED_AUTOS = YES_AGGRESSIVE;
				GCC_WARN_UNUSED_FUNCTION = YES;
				GCC_WARN_UNUSED_VARIABLE = YES;
				MACOSX_DEPLOYMENT_TARGET = 10.11;
				MTL_ENABLE_DEBUG_INFO = YES;
				ONLY_ACTIVE_ARCH = YES;
				SDKROOT = macosx;
				SWIFT_OPTIMIZATION_LEVEL = "-Onone";
			};
			name = Debug;
		};
		D8D10EE71CC48A9F00A434F6 /* Release */ = {
			isa = XCBuildConfiguration;
			buildSettings = {
				ALWAYS_SEARCH_USER_PATHS = NO;
				CLANG_ANALYZER_NONNULL = YES;
				CLANG_CXX_LANGUAGE_STANDARD = "gnu++0x";
				CLANG_CXX_LIBRARY = "libc++";
				CLANG_ENABLE_MODULES = YES;
				CLANG_ENABLE_OBJC_ARC = YES;
				CLANG_WARN_BOOL_CONVERSION = YES;
				CLANG_WARN_CONSTANT_CONVERSION = YES;
				CLANG_WARN_DIRECT_OBJC_ISA_USAGE = YES_ERROR;
				CLANG_WARN_EMPTY_BODY = YES;
				CLANG_WARN_ENUM_CONVERSION = YES;
				CLANG_WARN_INT_CONVERSION = YES;
				CLANG_WARN_OBJC_ROOT_CLASS = YES_ERROR;
				CLANG_WARN_UNREACHABLE_CODE = YES;
				CLANG_WARN__DUPLICATE_METHOD_MATCH = YES;
				CODE_SIGN_IDENTITY = "-";
				COPY_PHASE_STRIP = NO;
				DEBUG_INFORMATION_FORMAT = "dwarf-with-dsym";
				ENABLE_NS_ASSERTIONS = NO;
				ENABLE_STRICT_OBJC_MSGSEND = YES;
				GCC_C_LANGUAGE_STANDARD = gnu99;
				GCC_NO_COMMON_BLOCKS = YES;
				GCC_WARN_64_TO_32_BIT_CONVERSION = YES;
				GCC_WARN_ABOUT_RETURN_TYPE = YES_ERROR;
				GCC_WARN_UNDECLARED_SELECTOR = YES;
				GCC_WARN_UNINITIALIZED_AUTOS = YES_AGGRESSIVE;
				GCC_WARN_UNUSED_FUNCTION = YES;
				GCC_WARN_UNUSED_VARIABLE = YES;
				MACOSX_DEPLOYMENT_TARGET = 10.11;
				MTL_ENABLE_DEBUG_INFO = NO;
				SDKROOT = macosx;
			};
			name = Release;
		};
		D8D10EE91CC48A9F00A434F6 /* Debug */ = {
			isa = XCBuildConfiguration;
			buildSettings = {
				ASSETCATALOG_COMPILER_APPICON_NAME = AppIcon;
				CLANG_ENABLE_MODULES = YES;
				CODE_SIGN_IDENTITY = "Developer ID Application";
				COMBINE_HIDPI_IMAGES = YES;
				FRAMEWORK_SEARCH_PATHS = (
					"$(inherited)",
					"$(PROJECT_DIR)/Carthage/Build/Mac",
				);
				INFOPLIST_FILE = "Ghostnote Browser/Info.plist";
				LD_RUNPATH_SEARCH_PATHS = "$(inherited) @executable_path/../Frameworks";
				PRODUCT_BUNDLE_IDENTIFIER = "com.ghostnote.Ghostnote-Browser";
				PRODUCT_NAME = "$(TARGET_NAME)";
				SWIFT_OBJC_BRIDGING_HEADER = "Ghostnote Browser/Ghostnote Browser-Bridging-Header.h";
				SWIFT_OPTIMIZATION_LEVEL = "-Onone";
			};
			name = Debug;
		};
		D8D10EEA1CC48A9F00A434F6 /* Release */ = {
			isa = XCBuildConfiguration;
			buildSettings = {
				ASSETCATALOG_COMPILER_APPICON_NAME = AppIcon;
				CLANG_ENABLE_MODULES = YES;
				CODE_SIGN_IDENTITY = "Developer ID Application";
				COMBINE_HIDPI_IMAGES = YES;
				FRAMEWORK_SEARCH_PATHS = (
					"$(inherited)",
					"$(PROJECT_DIR)/Carthage/Build/Mac",
				);
				INFOPLIST_FILE = "Ghostnote Browser/Info.plist";
				LD_RUNPATH_SEARCH_PATHS = "$(inherited) @executable_path/../Frameworks";
				PRODUCT_BUNDLE_IDENTIFIER = "com.ghostnote.Ghostnote-Browser";
				PRODUCT_NAME = "$(TARGET_NAME)";
				SWIFT_OBJC_BRIDGING_HEADER = "Ghostnote Browser/Ghostnote Browser-Bridging-Header.h";
			};
			name = Release;
		};
		D8D10EEC1CC48A9F00A434F6 /* Debug */ = {
			isa = XCBuildConfiguration;
			buildSettings = {
				BUNDLE_LOADER = "$(TEST_HOST)";
				COMBINE_HIDPI_IMAGES = YES;
				INFOPLIST_FILE = "Ghostnote BrowserTests/Info.plist";
				LD_RUNPATH_SEARCH_PATHS = "$(inherited) @executable_path/../Frameworks @loader_path/../Frameworks";
				PRODUCT_BUNDLE_IDENTIFIER = "com.ghostnote.Ghostnote-BrowserTests";
				PRODUCT_NAME = "$(TARGET_NAME)";
				TEST_HOST = "$(BUILT_PRODUCTS_DIR)/Ghostnote Browser.app/Contents/MacOS/Ghostnote Browser";
			};
			name = Debug;
		};
		D8D10EED1CC48A9F00A434F6 /* Release */ = {
			isa = XCBuildConfiguration;
			buildSettings = {
				BUNDLE_LOADER = "$(TEST_HOST)";
				COMBINE_HIDPI_IMAGES = YES;
				INFOPLIST_FILE = "Ghostnote BrowserTests/Info.plist";
				LD_RUNPATH_SEARCH_PATHS = "$(inherited) @executable_path/../Frameworks @loader_path/../Frameworks";
				PRODUCT_BUNDLE_IDENTIFIER = "com.ghostnote.Ghostnote-BrowserTests";
				PRODUCT_NAME = "$(TARGET_NAME)";
				TEST_HOST = "$(BUILT_PRODUCTS_DIR)/Ghostnote Browser.app/Contents/MacOS/Ghostnote Browser";
			};
			name = Release;
		};
		D8D10EEF1CC48A9F00A434F6 /* Debug */ = {
			isa = XCBuildConfiguration;
			buildSettings = {
				COMBINE_HIDPI_IMAGES = YES;
				INFOPLIST_FILE = "Ghostnote BrowserUITests/Info.plist";
				LD_RUNPATH_SEARCH_PATHS = "$(inherited) @executable_path/../Frameworks @loader_path/../Frameworks";
				PRODUCT_BUNDLE_IDENTIFIER = "com.ghostnote.Ghostnote-BrowserUITests";
				PRODUCT_NAME = "$(TARGET_NAME)";
				TEST_TARGET_NAME = "Ghostnote Browser";
			};
			name = Debug;
		};
		D8D10EF01CC48A9F00A434F6 /* Release */ = {
			isa = XCBuildConfiguration;
			buildSettings = {
				COMBINE_HIDPI_IMAGES = YES;
				INFOPLIST_FILE = "Ghostnote BrowserUITests/Info.plist";
				LD_RUNPATH_SEARCH_PATHS = "$(inherited) @executable_path/../Frameworks @loader_path/../Frameworks";
				PRODUCT_BUNDLE_IDENTIFIER = "com.ghostnote.Ghostnote-BrowserUITests";
				PRODUCT_NAME = "$(TARGET_NAME)";
				TEST_TARGET_NAME = "Ghostnote Browser";
			};
			name = Release;
		};
/* End XCBuildConfiguration section */

/* Begin XCConfigurationList section */
		D8D10EBD1CC48A9F00A434F6 /* Build configuration list for PBXProject "Ghostnote Browser" */ = {
			isa = XCConfigurationList;
			buildConfigurations = (
				D8D10EE61CC48A9F00A434F6 /* Debug */,
				D8D10EE71CC48A9F00A434F6 /* Release */,
			);
			defaultConfigurationIsVisible = 0;
			defaultConfigurationName = Release;
		};
		D8D10EE81CC48A9F00A434F6 /* Build configuration list for PBXNativeTarget "Ghostnote Browser" */ = {
			isa = XCConfigurationList;
			buildConfigurations = (
				D8D10EE91CC48A9F00A434F6 /* Debug */,
				D8D10EEA1CC48A9F00A434F6 /* Release */,
			);
			defaultConfigurationIsVisible = 0;
			defaultConfigurationName = Release;
		};
		D8D10EEB1CC48A9F00A434F6 /* Build configuration list for PBXNativeTarget "Ghostnote BrowserTests" */ = {
			isa = XCConfigurationList;
			buildConfigurations = (
				D8D10EEC1CC48A9F00A434F6 /* Debug */,
				D8D10EED1CC48A9F00A434F6 /* Release */,
			);
			defaultConfigurationIsVisible = 0;
			defaultConfigurationName = Release;
		};
		D8D10EEE1CC48A9F00A434F6 /* Build configuration list for PBXNativeTarget "Ghostnote BrowserUITests" */ = {
			isa = XCConfigurationList;
			buildConfigurations = (
				D8D10EEF1CC48A9F00A434F6 /* Debug */,
				D8D10EF01CC48A9F00A434F6 /* Release */,
			);
			defaultConfigurationIsVisible = 0;
			defaultConfigurationName = Release;
		};
/* End XCConfigurationList section */
	};
	rootObject = D8D10EBA1CC48A9F00A434F6 /* Project object */;
}
