// !$*UTF8*$!
{
	archiveVersion = 1;
	classes = {
	};
	objectVersion = 46;
	objects = {

/* Begin PBXBuildFile section */
		D85AEF3C1CC21BB900327771 /* AppDelegate.m in Sources */ = {isa = PBXBuildFile; fileRef = D85AEF3B1CC21BB900327771 /* AppDelegate.m */; };
		D85AEF3F1CC21BB900327771 /* main.m in Sources */ = {isa = PBXBuildFile; fileRef = D85AEF3E1CC21BB900327771 /* main.m */; };
		D85AEF421CC21BB900327771 /* Ghostnote_Browser.xcdatamodeld in Sources */ = {isa = PBXBuildFile; fileRef = D85AEF401CC21BB900327771 /* Ghostnote_Browser.xcdatamodeld */; };
		D85AEF441CC21BB900327771 /* Assets.xcassets in Resources */ = {isa = PBXBuildFile; fileRef = D85AEF431CC21BB900327771 /* Assets.xcassets */; };
		D85AEF471CC21BB900327771 /* MainMenu.xib in Resources */ = {isa = PBXBuildFile; fileRef = D85AEF451CC21BB900327771 /* MainMenu.xib */; };
		D85AEF521CC21BBA00327771 /* Ghostnote_BrowserTests.m in Sources */ = {isa = PBXBuildFile; fileRef = D85AEF511CC21BBA00327771 /* Ghostnote_BrowserTests.m */; };
		D85AEF5D1CC21BBA00327771 /* Ghostnote_BrowserUITests.m in Sources */ = {isa = PBXBuildFile; fileRef = D85AEF5C1CC21BBA00327771 /* Ghostnote_BrowserUITests.m */; };
/* End PBXBuildFile section */

/* Begin PBXContainerItemProxy section */
		D85AEF4E1CC21BBA00327771 /* PBXContainerItemProxy */ = {
			isa = PBXContainerItemProxy;
			containerPortal = D85AEF2F1CC21BB900327771 /* Project object */;
			proxyType = 1;
			remoteGlobalIDString = D85AEF361CC21BB900327771;
			remoteInfo = "Ghostnote Browser";
		};
		D85AEF591CC21BBA00327771 /* PBXContainerItemProxy */ = {
			isa = PBXContainerItemProxy;
			containerPortal = D85AEF2F1CC21BB900327771 /* Project object */;
			proxyType = 1;
			remoteGlobalIDString = D85AEF361CC21BB900327771;
			remoteInfo = "Ghostnote Browser";
		};
/* End PBXContainerItemProxy section */

/* Begin PBXFileReference section */
		D85AEF371CC21BB900327771 /* Ghostnote Browser.app */ = {isa = PBXFileReference; explicitFileType = wrapper.application; includeInIndex = 0; path = "Ghostnote Browser.app"; sourceTree = BUILT_PRODUCTS_DIR; };
		D85AEF3A1CC21BB900327771 /* AppDelegate.h */ = {isa = PBXFileReference; lastKnownFileType = sourcecode.c.h; path = AppDelegate.h; sourceTree = "<group>"; };
		D85AEF3B1CC21BB900327771 /* AppDelegate.m */ = {isa = PBXFileReference; lastKnownFileType = sourcecode.c.objc; path = AppDelegate.m; sourceTree = "<group>"; };
		D85AEF3E1CC21BB900327771 /* main.m */ = {isa = PBXFileReference; lastKnownFileType = sourcecode.c.objc; path = main.m; sourceTree = "<group>"; };
		D85AEF411CC21BB900327771 /* Ghostnote_Browser.xcdatamodel */ = {isa = PBXFileReference; lastKnownFileType = wrapper.xcdatamodel; path = Ghostnote_Browser.xcdatamodel; sourceTree = "<group>"; };
		D85AEF431CC21BB900327771 /* Assets.xcassets */ = {isa = PBXFileReference; lastKnownFileType = folder.assetcatalog; path = Assets.xcassets; sourceTree = "<group>"; };
		D85AEF461CC21BB900327771 /* Base */ = {isa = PBXFileReference; lastKnownFileType = file.xib; name = Base; path = Base.lproj/MainMenu.xib; sourceTree = "<group>"; };
		D85AEF481CC21BBA00327771 /* Info.plist */ = {isa = PBXFileReference; lastKnownFileType = text.plist.xml; path = Info.plist; sourceTree = "<group>"; };
		D85AEF4D1CC21BBA00327771 /* Ghostnote BrowserTests.xctest */ = {isa = PBXFileReference; explicitFileType = wrapper.cfbundle; includeInIndex = 0; path = "Ghostnote BrowserTests.xctest"; sourceTree = BUILT_PRODUCTS_DIR; };
		D85AEF511CC21BBA00327771 /* Ghostnote_BrowserTests.m */ = {isa = PBXFileReference; lastKnownFileType = sourcecode.c.objc; path = Ghostnote_BrowserTests.m; sourceTree = "<group>"; };
		D85AEF531CC21BBA00327771 /* Info.plist */ = {isa = PBXFileReference; lastKnownFileType = text.plist.xml; path = Info.plist; sourceTree = "<group>"; };
		D85AEF581CC21BBA00327771 /* Ghostnote BrowserUITests.xctest */ = {isa = PBXFileReference; explicitFileType = wrapper.cfbundle; includeInIndex = 0; path = "Ghostnote BrowserUITests.xctest"; sourceTree = BUILT_PRODUCTS_DIR; };
		D85AEF5C1CC21BBA00327771 /* Ghostnote_BrowserUITests.m */ = {isa = PBXFileReference; lastKnownFileType = sourcecode.c.objc; path = Ghostnote_BrowserUITests.m; sourceTree = "<group>"; };
		D85AEF5E1CC21BBA00327771 /* Info.plist */ = {isa = PBXFileReference; lastKnownFileType = text.plist.xml; path = Info.plist; sourceTree = "<group>"; };
/* End PBXFileReference section */

/* Begin PBXFrameworksBuildPhase section */
		D85AEF341CC21BB900327771 /* Frameworks */ = {
			isa = PBXFrameworksBuildPhase;
			buildActionMask = 2147483647;
			files = (
			);
			runOnlyForDeploymentPostprocessing = 0;
		};
		D85AEF4A1CC21BBA00327771 /* Frameworks */ = {
			isa = PBXFrameworksBuildPhase;
			buildActionMask = 2147483647;
			files = (
			);
			runOnlyForDeploymentPostprocessing = 0;
		};
		D85AEF551CC21BBA00327771 /* Frameworks */ = {
			isa = PBXFrameworksBuildPhase;
			buildActionMask = 2147483647;
			files = (
			);
			runOnlyForDeploymentPostprocessing = 0;
		};
/* End PBXFrameworksBuildPhase section */

/* Begin PBXGroup section */
		D85AEF2E1CC21BB900327771 = {
			isa = PBXGroup;
			children = (
				D85AEF391CC21BB900327771 /* Ghostnote Browser */,
				D85AEF501CC21BBA00327771 /* Ghostnote BrowserTests */,
				D85AEF5B1CC21BBA00327771 /* Ghostnote BrowserUITests */,
				D85AEF381CC21BB900327771 /* Products */,
			);
			sourceTree = "<group>";
		};
		D85AEF381CC21BB900327771 /* Products */ = {
			isa = PBXGroup;
			children = (
				D85AEF371CC21BB900327771 /* Ghostnote Browser.app */,
				D85AEF4D1CC21BBA00327771 /* Ghostnote BrowserTests.xctest */,
				D85AEF581CC21BBA00327771 /* Ghostnote BrowserUITests.xctest */,
			);
			name = Products;
			sourceTree = "<group>";
		};
		D85AEF391CC21BB900327771 /* Ghostnote Browser */ = {
			isa = PBXGroup;
			children = (
				D85AEF3A1CC21BB900327771 /* AppDelegate.h */,
				D85AEF3B1CC21BB900327771 /* AppDelegate.m */,
				D85AEF431CC21BB900327771 /* Assets.xcassets */,
				D85AEF451CC21BB900327771 /* MainMenu.xib */,
				D85AEF481CC21BBA00327771 /* Info.plist */,
				D85AEF401CC21BB900327771 /* Ghostnote_Browser.xcdatamodeld */,
				D85AEF3D1CC21BB900327771 /* Supporting Files */,
			);
			path = "Ghostnote Browser";
			sourceTree = "<group>";
		};
		D85AEF3D1CC21BB900327771 /* Supporting Files */ = {
			isa = PBXGroup;
			children = (
				D85AEF3E1CC21BB900327771 /* main.m */,
			);
			name = "Supporting Files";
			sourceTree = "<group>";
		};
		D85AEF501CC21BBA00327771 /* Ghostnote BrowserTests */ = {
			isa = PBXGroup;
			children = (
				D85AEF511CC21BBA00327771 /* Ghostnote_BrowserTests.m */,
				D85AEF531CC21BBA00327771 /* Info.plist */,
			);
			path = "Ghostnote BrowserTests";
			sourceTree = "<group>";
		};
		D85AEF5B1CC21BBA00327771 /* Ghostnote BrowserUITests */ = {
			isa = PBXGroup;
			children = (
				D85AEF5C1CC21BBA00327771 /* Ghostnote_BrowserUITests.m */,
				D85AEF5E1CC21BBA00327771 /* Info.plist */,
			);
			path = "Ghostnote BrowserUITests";
			sourceTree = "<group>";
		};
/* End PBXGroup section */

/* Begin PBXNativeTarget section */
		D85AEF361CC21BB900327771 /* Ghostnote Browser */ = {
			isa = PBXNativeTarget;
			buildConfigurationList = D85AEF611CC21BBA00327771 /* Build configuration list for PBXNativeTarget "Ghostnote Browser" */;
			buildPhases = (
				D85AEF331CC21BB900327771 /* Sources */,
				D85AEF341CC21BB900327771 /* Frameworks */,
				D85AEF351CC21BB900327771 /* Resources */,
			);
			buildRules = (
			);
			dependencies = (
			);
			name = "Ghostnote Browser";
			productName = "Ghostnote Browser";
			productReference = D85AEF371CC21BB900327771 /* Ghostnote Browser.app */;
			productType = "com.apple.product-type.application";
		};
		D85AEF4C1CC21BBA00327771 /* Ghostnote BrowserTests */ = {
			isa = PBXNativeTarget;
			buildConfigurationList = D85AEF641CC21BBA00327771 /* Build configuration list for PBXNativeTarget "Ghostnote BrowserTests" */;
			buildPhases = (
				D85AEF491CC21BBA00327771 /* Sources */,
				D85AEF4A1CC21BBA00327771 /* Frameworks */,
				D85AEF4B1CC21BBA00327771 /* Resources */,
			);
			buildRules = (
			);
			dependencies = (
				D85AEF4F1CC21BBA00327771 /* PBXTargetDependency */,
			);
			name = "Ghostnote BrowserTests";
			productName = "Ghostnote BrowserTests";
			productReference = D85AEF4D1CC21BBA00327771 /* Ghostnote BrowserTests.xctest */;
			productType = "com.apple.product-type.bundle.unit-test";
		};
		D85AEF571CC21BBA00327771 /* Ghostnote BrowserUITests */ = {
			isa = PBXNativeTarget;
			buildConfigurationList = D85AEF671CC21BBA00327771 /* Build configuration list for PBXNativeTarget "Ghostnote BrowserUITests" */;
			buildPhases = (
				D85AEF541CC21BBA00327771 /* Sources */,
				D85AEF551CC21BBA00327771 /* Frameworks */,
				D85AEF561CC21BBA00327771 /* Resources */,
			);
			buildRules = (
			);
			dependencies = (
				D85AEF5A1CC21BBA00327771 /* PBXTargetDependency */,
			);
			name = "Ghostnote BrowserUITests";
			productName = "Ghostnote BrowserUITests";
			productReference = D85AEF581CC21BBA00327771 /* Ghostnote BrowserUITests.xctest */;
			productType = "com.apple.product-type.bundle.ui-testing";
		};
/* End PBXNativeTarget section */

/* Begin PBXProject section */
		D85AEF2F1CC21BB900327771 /* Project object */ = {
			isa = PBXProject;
			attributes = {
				LastUpgradeCheck = 0730;
				ORGANIZATIONNAME = "Ghostnnote HQ";
				TargetAttributes = {
					D85AEF361CC21BB900327771 = {
						CreatedOnToolsVersion = 7.3;
						DevelopmentTeam = H37GZ9FGMS;
					};
					D85AEF4C1CC21BBA00327771 = {
						CreatedOnToolsVersion = 7.3;
						TestTargetID = D85AEF361CC21BB900327771;
					};
					D85AEF571CC21BBA00327771 = {
						CreatedOnToolsVersion = 7.3;
						TestTargetID = D85AEF361CC21BB900327771;
					};
				};
			};
			buildConfigurationList = D85AEF321CC21BB900327771 /* Build configuration list for PBXProject "Ghostnote Browser" */;
			compatibilityVersion = "Xcode 3.2";
			developmentRegion = English;
			hasScannedForEncodings = 0;
			knownRegions = (
				en,
				Base,
			);
			mainGroup = D85AEF2E1CC21BB900327771;
			productRefGroup = D85AEF381CC21BB900327771 /* Products */;
			projectDirPath = "";
			projectRoot = "";
			targets = (
				D85AEF361CC21BB900327771 /* Ghostnote Browser */,
				D85AEF4C1CC21BBA00327771 /* Ghostnote BrowserTests */,
				D85AEF571CC21BBA00327771 /* Ghostnote BrowserUITests */,
			);
		};
/* End PBXProject section */

/* Begin PBXResourcesBuildPhase section */
		D85AEF351CC21BB900327771 /* Resources */ = {
			isa = PBXResourcesBuildPhase;
			buildActionMask = 2147483647;
			files = (
				D85AEF441CC21BB900327771 /* Assets.xcassets in Resources */,
				D85AEF471CC21BB900327771 /* MainMenu.xib in Resources */,
			);
			runOnlyForDeploymentPostprocessing = 0;
		};
		D85AEF4B1CC21BBA00327771 /* Resources */ = {
			isa = PBXResourcesBuildPhase;
			buildActionMask = 2147483647;
			files = (
			);
			runOnlyForDeploymentPostprocessing = 0;
		};
		D85AEF561CC21BBA00327771 /* Resources */ = {
			isa = PBXResourcesBuildPhase;
			buildActionMask = 2147483647;
			files = (
			);
			runOnlyForDeploymentPostprocessing = 0;
		};
/* End PBXResourcesBuildPhase section */

/* Begin PBXSourcesBuildPhase section */
		D85AEF331CC21BB900327771 /* Sources */ = {
			isa = PBXSourcesBuildPhase;
			buildActionMask = 2147483647;
			files = (
				D85AEF421CC21BB900327771 /* Ghostnote_Browser.xcdatamodeld in Sources */,
				D85AEF3F1CC21BB900327771 /* main.m in Sources */,
				D85AEF3C1CC21BB900327771 /* AppDelegate.m in Sources */,
			);
			runOnlyForDeploymentPostprocessing = 0;
		};
		D85AEF491CC21BBA00327771 /* Sources */ = {
			isa = PBXSourcesBuildPhase;
			buildActionMask = 2147483647;
			files = (
				D85AEF521CC21BBA00327771 /* Ghostnote_BrowserTests.m in Sources */,
			);
			runOnlyForDeploymentPostprocessing = 0;
		};
		D85AEF541CC21BBA00327771 /* Sources */ = {
			isa = PBXSourcesBuildPhase;
			buildActionMask = 2147483647;
			files = (
				D85AEF5D1CC21BBA00327771 /* Ghostnote_BrowserUITests.m in Sources */,
			);
			runOnlyForDeploymentPostprocessing = 0;
		};
/* End PBXSourcesBuildPhase section */

/* Begin PBXTargetDependency section */
		D85AEF4F1CC21BBA00327771 /* PBXTargetDependency */ = {
			isa = PBXTargetDependency;
			target = D85AEF361CC21BB900327771 /* Ghostnote Browser */;
			targetProxy = D85AEF4E1CC21BBA00327771 /* PBXContainerItemProxy */;
		};
		D85AEF5A1CC21BBA00327771 /* PBXTargetDependency */ = {
			isa = PBXTargetDependency;
			target = D85AEF361CC21BB900327771 /* Ghostnote Browser */;
			targetProxy = D85AEF591CC21BBA00327771 /* PBXContainerItemProxy */;
		};
/* End PBXTargetDependency section */

/* Begin PBXVariantGroup section */
		D85AEF451CC21BB900327771 /* MainMenu.xib */ = {
			isa = PBXVariantGroup;
			children = (
				D85AEF461CC21BB900327771 /* Base */,
			);
			name = MainMenu.xib;
			sourceTree = "<group>";
		};
/* End PBXVariantGroup section */

/* Begin XCBuildConfiguration section */
		D85AEF5F1CC21BBA00327771 /* Debug */ = {
			isa = XCBuildConfiguration;
			buildSettings = {
				ALWAYS_SEARCH_USER_PATHS = NO;
				CLANG_ANALYZER_NONNULL = YES;
				CLANG_CXX_LANGUAGE_STANDARD = "gnu++0x";
				CLANG_CXX_LIBRARY = "libc++";
				CLANG_ENABLE_MODULES = YES;
				CLANG_ENABLE_OBJC_ARC = YES;
				CLANG_WARN_BOOL_CONVERSION = YES;
				CLANG_WARN_CONSTANT_CONVERSION = YES;
				CLANG_WARN_DIRECT_OBJC_ISA_USAGE = YES_ERROR;
				CLANG_WARN_EMPTY_BODY = YES;
				CLANG_WARN_ENUM_CONVERSION = YES;
				CLANG_WARN_INT_CONVERSION = YES;
				CLANG_WARN_OBJC_ROOT_CLASS = YES_ERROR;
				CLANG_WARN_UNREACHABLE_CODE = YES;
				CLANG_WARN__DUPLICATE_METHOD_MATCH = YES;
				CODE_SIGN_IDENTITY = "-";
				COPY_PHASE_STRIP = NO;
				DEBUG_INFORMATION_FORMAT = dwarf;
				ENABLE_STRICT_OBJC_MSGSEND = YES;
				ENABLE_TESTABILITY = YES;
				GCC_C_LANGUAGE_STANDARD = gnu99;
				GCC_DYNAMIC_NO_PIC = NO;
				GCC_NO_COMMON_BLOCKS = YES;
				GCC_OPTIMIZATION_LEVEL = 0;
				GCC_PREPROCESSOR_DEFINITIONS = (
					"DEBUG=1",
					"$(inherited)",
				);
				GCC_WARN_64_TO_32_BIT_CONVERSION = YES;
				GCC_WARN_ABOUT_RETURN_TYPE = YES_ERROR;
				GCC_WARN_UNDECLARED_SELECTOR = YES;
				GCC_WARN_UNINITIALIZED_AUTOS = YES_AGGRESSIVE;
				GCC_WARN_UNUSED_FUNCTION = YES;
				GCC_WARN_UNUSED_VARIABLE = YES;
				MACOSX_DEPLOYMENT_TARGET = 10.11;
				MTL_ENABLE_DEBUG_INFO = YES;
				ONLY_ACTIVE_ARCH = YES;
				SDKROOT = macosx;
			};
			name = Debug;
		};
		D85AEF601CC21BBA00327771 /* Release */ = {
			isa = XCBuildConfiguration;
			buildSettings = {
				ALWAYS_SEARCH_USER_PATHS = NO;
				CLANG_ANALYZER_NONNULL = YES;
				CLANG_CXX_LANGUAGE_STANDARD = "gnu++0x";
				CLANG_CXX_LIBRARY = "libc++";
				CLANG_ENABLE_MODULES = YES;
				CLANG_ENABLE_OBJC_ARC = YES;
				CLANG_WARN_BOOL_CONVERSION = YES;
				CLANG_WARN_CONSTANT_CONVERSION = YES;
				CLANG_WARN_DIRECT_OBJC_ISA_USAGE = YES_ERROR;
				CLANG_WARN_EMPTY_BODY = YES;
				CLANG_WARN_ENUM_CONVERSION = YES;
				CLANG_WARN_INT_CONVERSION = YES;
				CLANG_WARN_OBJC_ROOT_CLASS = YES_ERROR;
				CLANG_WARN_UNREACHABLE_CODE = YES;
				CLANG_WARN__DUPLICATE_METHOD_MATCH = YES;
				CODE_SIGN_IDENTITY = "-";
				COPY_PHASE_STRIP = NO;
				DEBUG_INFORMATION_FORMAT = "dwarf-with-dsym";
				ENABLE_NS_ASSERTIONS = NO;
				ENABLE_STRICT_OBJC_MSGSEND = YES;
				GCC_C_LANGUAGE_STANDARD = gnu99;
				GCC_NO_COMMON_BLOCKS = YES;
				GCC_WARN_64_TO_32_BIT_CONVERSION = YES;
				GCC_WARN_ABOUT_RETURN_TYPE = YES_ERROR;
				GCC_WARN_UNDECLARED_SELECTOR = YES;
				GCC_WARN_UNINITIALIZED_AUTOS = YES_AGGRESSIVE;
				GCC_WARN_UNUSED_FUNCTION = YES;
				GCC_WARN_UNUSED_VARIABLE = YES;
				MACOSX_DEPLOYMENT_TARGET = 10.11;
				MTL_ENABLE_DEBUG_INFO = NO;
				SDKROOT = macosx;
			};
			name = Release;
		};
		D85AEF621CC21BBA00327771 /* Debug */ = {
			isa = XCBuildConfiguration;
			buildSettings = {
				ASSETCATALOG_COMPILER_APPICON_NAME = AppIcon;
				CODE_SIGN_IDENTITY = "Developer ID Application";
				COMBINE_HIDPI_IMAGES = YES;
				INFOPLIST_FILE = "Ghostnote Browser/Info.plist";
				LD_RUNPATH_SEARCH_PATHS = "$(inherited) @executable_path/../Frameworks";
				PRODUCT_BUNDLE_IDENTIFIER = "com.ghostnote.Ghostnote-Browser";
				PRODUCT_NAME = "$(TARGET_NAME)";
			};
			name = Debug;
		};
		D85AEF631CC21BBA00327771 /* Release */ = {
			isa = XCBuildConfiguration;
			buildSettings = {
				ASSETCATALOG_COMPILER_APPICON_NAME = AppIcon;
				CODE_SIGN_IDENTITY = "Developer ID Application";
				COMBINE_HIDPI_IMAGES = YES;
				INFOPLIST_FILE = "Ghostnote Browser/Info.plist";
				LD_RUNPATH_SEARCH_PATHS = "$(inherited) @executable_path/../Frameworks";
				PRODUCT_BUNDLE_IDENTIFIER = "com.ghostnote.Ghostnote-Browser";
				PRODUCT_NAME = "$(TARGET_NAME)";
			};
			name = Release;
		};
		D85AEF651CC21BBA00327771 /* Debug */ = {
			isa = XCBuildConfiguration;
			buildSettings = {
				BUNDLE_LOADER = "$(TEST_HOST)";
				COMBINE_HIDPI_IMAGES = YES;
				INFOPLIST_FILE = "Ghostnote BrowserTests/Info.plist";
				LD_RUNPATH_SEARCH_PATHS = "$(inherited) @executable_path/../Frameworks @loader_path/../Frameworks";
				PRODUCT_BUNDLE_IDENTIFIER = "com.ghostnote.Ghostnote-BrowserTests";
				PRODUCT_NAME = "$(TARGET_NAME)";
				TEST_HOST = "$(BUILT_PRODUCTS_DIR)/Ghostnote Browser.app/Contents/MacOS/Ghostnote Browser";
			};
			name = Debug;
		};
		D85AEF661CC21BBA00327771 /* Release */ = {
			isa = XCBuildConfiguration;
			buildSettings = {
				BUNDLE_LOADER = "$(TEST_HOST)";
				COMBINE_HIDPI_IMAGES = YES;
				INFOPLIST_FILE = "Ghostnote BrowserTests/Info.plist";
				LD_RUNPATH_SEARCH_PATHS = "$(inherited) @executable_path/../Frameworks @loader_path/../Frameworks";
				PRODUCT_BUNDLE_IDENTIFIER = "com.ghostnote.Ghostnote-BrowserTests";
				PRODUCT_NAME = "$(TARGET_NAME)";
				TEST_HOST = "$(BUILT_PRODUCTS_DIR)/Ghostnote Browser.app/Contents/MacOS/Ghostnote Browser";
			};
			name = Release;
		};
		D85AEF681CC21BBA00327771 /* Debug */ = {
			isa = XCBuildConfiguration;
			buildSettings = {
				COMBINE_HIDPI_IMAGES = YES;
				INFOPLIST_FILE = "Ghostnote BrowserUITests/Info.plist";
				LD_RUNPATH_SEARCH_PATHS = "$(inherited) @executable_path/../Frameworks @loader_path/../Frameworks";
				PRODUCT_BUNDLE_IDENTIFIER = "com.ghostnote.Ghostnote-BrowserUITests";
				PRODUCT_NAME = "$(TARGET_NAME)";
				TEST_TARGET_NAME = "Ghostnote Browser";
			};
			name = Debug;
		};
		D85AEF691CC21BBA00327771 /* Release */ = {
			isa = XCBuildConfiguration;
			buildSettings = {
				COMBINE_HIDPI_IMAGES = YES;
				INFOPLIST_FILE = "Ghostnote BrowserUITests/Info.plist";
				LD_RUNPATH_SEARCH_PATHS = "$(inherited) @executable_path/../Frameworks @loader_path/../Frameworks";
				PRODUCT_BUNDLE_IDENTIFIER = "com.ghostnote.Ghostnote-BrowserUITests";
				PRODUCT_NAME = "$(TARGET_NAME)";
				TEST_TARGET_NAME = "Ghostnote Browser";
			};
			name = Release;
		};
/* End XCBuildConfiguration section */

/* Begin XCConfigurationList section */
		D85AEF321CC21BB900327771 /* Build configuration list for PBXProject "Ghostnote Browser" */ = {
			isa = XCConfigurationList;
			buildConfigurations = (
				D85AEF5F1CC21BBA00327771 /* Debug */,
				D85AEF601CC21BBA00327771 /* Release */,
			);
			defaultConfigurationIsVisible = 0;
			defaultConfigurationName = Release;
		};
		D85AEF611CC21BBA00327771 /* Build configuration list for PBXNativeTarget "Ghostnote Browser" */ = {
			isa = XCConfigurationList;
			buildConfigurations = (
				D85AEF621CC21BBA00327771 /* Debug */,
				D85AEF631CC21BBA00327771 /* Release */,
			);
			defaultConfigurationIsVisible = 0;
		};
		D85AEF641CC21BBA00327771 /* Build configuration list for PBXNativeTarget "Ghostnote BrowserTests" */ = {
			isa = XCConfigurationList;
			buildConfigurations = (
				D85AEF651CC21BBA00327771 /* Debug */,
				D85AEF661CC21BBA00327771 /* Release */,
			);
			defaultConfigurationIsVisible = 0;
		};
		D85AEF671CC21BBA00327771 /* Build configuration list for PBXNativeTarget "Ghostnote BrowserUITests" */ = {
			isa = XCConfigurationList;
			buildConfigurations = (
				D85AEF681CC21BBA00327771 /* Debug */,
				D85AEF691CC21BBA00327771 /* Release */,
			);
			defaultConfigurationIsVisible = 0;
		};
/* End XCConfigurationList section */

/* Begin XCVersionGroup section */
		D85AEF401CC21BB900327771 /* Ghostnote_Browser.xcdatamodeld */ = {
			isa = XCVersionGroup;
			children = (
				D85AEF411CC21BB900327771 /* Ghostnote_Browser.xcdatamodel */,
			);
			currentVersion = D85AEF411CC21BB900327771 /* Ghostnote_Browser.xcdatamodel */;
			path = Ghostnote_Browser.xcdatamodeld;
			sourceTree = "<group>";
			versionGroupType = wrapper.xcdatamodel;
		};
/* End XCVersionGroup section */
	};
	rootObject = D85AEF2F1CC21BB900327771 /* Project object */;
}
