// !$*UTF8*$!
{
	archiveVersion = 1;
	classes = {
	};
	objectVersion = 46;
	objects = {

/* Begin PBXBuildFile section */
		D80001AE1CD7F98A00255E54 /* NoteNameValidator.swift in Sources */ = {isa = PBXBuildFile; fileRef = D80001AD1CD7F98A00255E54 /* NoteNameValidator.swift */; };
		D80001B41CD88BDC00255E54 /* NoteTextViewController.swift in Sources */ = {isa = PBXBuildFile; fileRef = D80001B31CD88BDC00255E54 /* NoteTextViewController.swift */; };
		D80001B61CD957C200255E54 /* TaskListController.swift in Sources */ = {isa = PBXBuildFile; fileRef = D80001B51CD957C200255E54 /* TaskListController.swift */; };
		D803FEB81D21A5FD00360741 /* StringExtensions.swift in Sources */ = {isa = PBXBuildFile; fileRef = D803FEB71D21A5FD00360741 /* StringExtensions.swift */; };
		D803FEBA1D21C88100360741 /* CustomRowView.xib in Resources */ = {isa = PBXBuildFile; fileRef = D803FEB91D21C88100360741 /* CustomRowView.xib */; };
		D803FEBC1D21C8A700360741 /* CustomRowView.swift in Sources */ = {isa = PBXBuildFile; fileRef = D803FEBB1D21C8A700360741 /* CustomRowView.swift */; };
		D803FEBE1D220E4400360741 /* NSTableViewExtensions.swift in Sources */ = {isa = PBXBuildFile; fileRef = D803FEBD1D220E4400360741 /* NSTableViewExtensions.swift */; };
		D803FEC11D2219B900360741 /* ConfirmDeleteViewController.swift in Sources */ = {isa = PBXBuildFile; fileRef = D803FEBF1D2219B900360741 /* ConfirmDeleteViewController.swift */; };
		D803FEC21D2219B900360741 /* ConfirmDeleteViewController.xib in Resources */ = {isa = PBXBuildFile; fileRef = D803FEC01D2219B900360741 /* ConfirmDeleteViewController.xib */; };
		D807C1C61D302353007F3BD6 /* CustomTextView.swift in Sources */ = {isa = PBXBuildFile; fileRef = D807C1C51D302353007F3BD6 /* CustomTextView.swift */; };
		D81281881CCD97F2001749E9 /* ButtonNavViewController.xib in Resources */ = {isa = PBXBuildFile; fileRef = D81281871CCD97F2001749E9 /* ButtonNavViewController.xib */; };
		D812818A1CCD98C0001749E9 /* ButtonNavViewController.swift in Sources */ = {isa = PBXBuildFile; fileRef = D81281891CCD98C0001749E9 /* ButtonNavViewController.swift */; };
		D812818D1CCD9AA3001749E9 /* MainWindowController.swift in Sources */ = {isa = PBXBuildFile; fileRef = D812818B1CCD9AA3001749E9 /* MainWindowController.swift */; };
		D812818E1CCD9AA3001749E9 /* MainWindowController.xib in Resources */ = {isa = PBXBuildFile; fileRef = D812818C1CCD9AA3001749E9 /* MainWindowController.xib */; };
		D81281901CCD9BEC001749E9 /* NotesViewController.xib in Resources */ = {isa = PBXBuildFile; fileRef = D812818F1CCD9BEC001749E9 /* NotesViewController.xib */; };
		D81281921CCDB9CE001749E9 /* TasksViewController.xib in Resources */ = {isa = PBXBuildFile; fileRef = D81281911CCDB9CE001749E9 /* TasksViewController.xib */; };
		D81281941CCDB9DC001749E9 /* GhostnotesViewController.xib in Resources */ = {isa = PBXBuildFile; fileRef = D81281931CCDB9DC001749E9 /* GhostnotesViewController.xib */; };
		D81281961CCDCE6C001749E9 /* NoteCell.swift in Sources */ = {isa = PBXBuildFile; fileRef = D81281951CCDCE6C001749E9 /* NoteCell.swift */; };
		D81281991CCDCFD8001749E9 /* NotesTableViewController.swift in Sources */ = {isa = PBXBuildFile; fileRef = D81281981CCDCFD8001749E9 /* NotesTableViewController.swift */; };
		D812819B1CCDDE93001749E9 /* GNTheme.swift in Sources */ = {isa = PBXBuildFile; fileRef = D812819A1CCDDE93001749E9 /* GNTheme.swift */; };
		D81281A81CCEB3B2001749E9 /* Note.swift in Sources */ = {isa = PBXBuildFile; fileRef = D81281A71CCEB3B2001749E9 /* Note.swift */; };
		D81281AA1CCEB60B001749E9 /* NoteManager.swift in Sources */ = {isa = PBXBuildFile; fileRef = D81281A91CCEB60B001749E9 /* NoteManager.swift */; };
		D8151CC21D00C2CC00F04C24 /* NoteCell.xib in Resources */ = {isa = PBXBuildFile; fileRef = D8151CC11D00C2CC00F04C24 /* NoteCell.xib */; };
		D8151CC41D027F6A00F04C24 /* DeletableTableView.swift in Sources */ = {isa = PBXBuildFile; fileRef = D8151CC31D027F6A00F04C24 /* DeletableTableView.swift */; };
		D824C8D81D18739C00246E8C /* NoteSearchController.swift in Sources */ = {isa = PBXBuildFile; fileRef = D824C8D71D18739C00246E8C /* NoteSearchController.swift */; };
		D824C8DA1D1873AA00246E8C /* TasksSearchController.swift in Sources */ = {isa = PBXBuildFile; fileRef = D824C8D91D1873AA00246E8C /* TasksSearchController.swift */; };
		D824C8DC1D1873BB00246E8C /* GhostnotesSearchController.swift in Sources */ = {isa = PBXBuildFile; fileRef = D824C8DB1D1873BB00246E8C /* GhostnotesSearchController.swift */; };
		D824C8DE1D18E45C00246E8C /* NotesSearchControllerTests.swift in Sources */ = {isa = PBXBuildFile; fileRef = D824C8DD1D18E45C00246E8C /* NotesSearchControllerTests.swift */; };
		D824C8E71D18F27200246E8C /* MainMenuController.swift in Sources */ = {isa = PBXBuildFile; fileRef = D824C8E61D18F27200246E8C /* MainMenuController.swift */; };
		D824C8EA1D1902BE00246E8C /* HasIDString.swift in Sources */ = {isa = PBXBuildFile; fileRef = D824C8E91D1902BE00246E8C /* HasIDString.swift */; };
		D8265A611CDB15F00054AF57 /* TasksController.swift in Sources */ = {isa = PBXBuildFile; fileRef = D8265A601CDB15F00054AF57 /* TasksController.swift */; };
		D8265A631CDB18760054AF57 /* TaskListCell.swift in Sources */ = {isa = PBXBuildFile; fileRef = D8265A621CDB18760054AF57 /* TaskListCell.swift */; };
		D8265A651CDBE37E0054AF57 /* TaskCell.swift in Sources */ = {isa = PBXBuildFile; fileRef = D8265A641CDBE37E0054AF57 /* TaskCell.swift */; };
		D8265A671CDC10210054AF57 /* TaskNameValidator.swift in Sources */ = {isa = PBXBuildFile; fileRef = D8265A661CDC10210054AF57 /* TaskNameValidator.swift */; };
		D82F61B81D13C2F000721EB6 /* NSTextFieldExtensions.swift in Sources */ = {isa = PBXBuildFile; fileRef = D82F61B71D13C2F000721EB6 /* NSTextFieldExtensions.swift */; };
		D83E5B401CDA737A0044F7A3 /* TaskList.swift in Sources */ = {isa = PBXBuildFile; fileRef = D83E5B3F1CDA737A0044F7A3 /* TaskList.swift */; };
		D83E5B421CDA74180044F7A3 /* Task.swift in Sources */ = {isa = PBXBuildFile; fileRef = D83E5B411CDA74180044F7A3 /* Task.swift */; };
		D83E5B441CDA74BD0044F7A3 /* TaskListManager.swift in Sources */ = {isa = PBXBuildFile; fileRef = D83E5B431CDA74BD0044F7A3 /* TaskListManager.swift */; };
		D83E5B471CDA76400044F7A3 /* TaskListNameValidator.swift in Sources */ = {isa = PBXBuildFile; fileRef = D83E5B461CDA76400044F7A3 /* TaskListNameValidator.swift */; };
		D83E5B4D1CDA7A430044F7A3 /* NamedItemValidator.swift in Sources */ = {isa = PBXBuildFile; fileRef = D83E5B4C1CDA7A430044F7A3 /* NamedItemValidator.swift */; };
		D84EB0661D3F24C300CE7D14 /* Welcome to Ghostnote!.rtfd in Resources */ = {isa = PBXBuildFile; fileRef = D84EB0651D3F24C300CE7D14 /* Welcome to Ghostnote!.rtfd */; };
		D84F16C51CC54ED6005612BB /* AppIconProvider.swift in Sources */ = {isa = PBXBuildFile; fileRef = D84F16C21CC54ED6005612BB /* AppIconProvider.swift */; };
		D84F16C61CC54ED6005612BB /* AppNameProvider.swift in Sources */ = {isa = PBXBuildFile; fileRef = D84F16C31CC54ED6005612BB /* AppNameProvider.swift */; };
		D84F16C71CC54ED6005612BB /* DocumentIconProvider.swift in Sources */ = {isa = PBXBuildFile; fileRef = D84F16C41CC54ED6005612BB /* DocumentIconProvider.swift */; };
		D84F16D41CC553B3005612BB /* App.swift in Sources */ = {isa = PBXBuildFile; fileRef = D84F16D31CC553B3005612BB /* App.swift */; };
		D84F16D61CC553DC005612BB /* Document.swift in Sources */ = {isa = PBXBuildFile; fileRef = D84F16D51CC553DC005612BB /* Document.swift */; };
		D84F16DD1CC60EB6005612BB /* AppCell.swift in Sources */ = {isa = PBXBuildFile; fileRef = D84F16DC1CC60EB6005612BB /* AppCell.swift */; };
		D84F16DF1CC60EEE005612BB /* DocCell.swift in Sources */ = {isa = PBXBuildFile; fileRef = D84F16DE1CC60EEE005612BB /* DocCell.swift */; };
		D84F16E61CC71215005612BB /* NotesViewController.swift in Sources */ = {isa = PBXBuildFile; fileRef = D84F16E41CC71215005612BB /* NotesViewController.swift */; };
		D84F16EB1CC7123E005612BB /* TasksViewController.swift in Sources */ = {isa = PBXBuildFile; fileRef = D84F16E91CC7123E005612BB /* TasksViewController.swift */; };
		D84F16F01CC71260005612BB /* GhostnotesViewController.swift in Sources */ = {isa = PBXBuildFile; fileRef = D84F16EE1CC71260005612BB /* GhostnotesViewController.swift */; };
		D86A9FBA1D148FCC00F6DFF9 /* CustomSplitView.swift in Sources */ = {isa = PBXBuildFile; fileRef = D86A9FB91D148FCC00F6DFF9 /* CustomSplitView.swift */; };
		D86DC3831D0407E30013DFC8 /* DocCell.xib in Resources */ = {isa = PBXBuildFile; fileRef = D86DC3821D0407E30013DFC8 /* DocCell.xib */; };
		D86FA0471D35F01200FFEC80 /* NSColorExtensions.swift in Sources */ = {isa = PBXBuildFile; fileRef = D86FA0461D35F01200FFEC80 /* NSColorExtensions.swift */; };
		D872BA761D0BDCBF00C0C556 /* SelectableCell.swift in Sources */ = {isa = PBXBuildFile; fileRef = D872BA751D0BDCBF00C0C556 /* SelectableCell.swift */; };
		D884C1A31CE27600003E15D2 /* Realm.framework in Frameworks */ = {isa = PBXBuildFile; fileRef = D884C1A01CE27600003E15D2 /* Realm.framework */; };
		D884C1A81CE2760A003E15D2 /* Realm.framework in Embed Frameworks */ = {isa = PBXBuildFile; fileRef = D884C1A01CE27600003E15D2 /* Realm.framework */; settings = {ATTRIBUTES = (CodeSignOnCopy, RemoveHeadersOnCopy, ); }; };
		D884C1A91CE2760A003E15D2 /* RealmSwift.framework in Frameworks */ = {isa = PBXBuildFile; fileRef = D884C1A11CE27600003E15D2 /* RealmSwift.framework */; };
		D884C1AA1CE2760A003E15D2 /* RealmSwift.framework in Embed Frameworks */ = {isa = PBXBuildFile; fileRef = D884C1A11CE27600003E15D2 /* RealmSwift.framework */; settings = {ATTRIBUTES = (CodeSignOnCopy, RemoveHeadersOnCopy, ); }; };
		D8BD62D81D382E0A00BD45AC /* customFonts in Resources */ = {isa = PBXBuildFile; fileRef = D8BD62D71D382E0A00BD45AC /* customFonts */; };
		D8CC00AD1CE6793300D13331 /* GhostNoteManager.swift in Sources */ = {isa = PBXBuildFile; fileRef = D8CC00AC1CE6793300D13331 /* GhostNoteManager.swift */; };
		D8CC00AF1CE6798600D13331 /* GhostNote.swift in Sources */ = {isa = PBXBuildFile; fileRef = D8CC00AE1CE6798600D13331 /* GhostNote.swift */; };
		D8CC00B11CE67B6D00D13331 /* GhostNoteTextViewController.swift in Sources */ = {isa = PBXBuildFile; fileRef = D8CC00B01CE67B6D00D13331 /* GhostNoteTextViewController.swift */; };
		D8CD4DB11D317269008C7427 /* NSImageExtensions.swift in Sources */ = {isa = PBXBuildFile; fileRef = D8CD4DB01D317269008C7427 /* NSImageExtensions.swift */; };
		D8D10EC61CC48A9F00A434F6 /* AppDelegate.swift in Sources */ = {isa = PBXBuildFile; fileRef = D8D10EC51CC48A9F00A434F6 /* AppDelegate.swift */; };
		D8D10ECB1CC48A9F00A434F6 /* Assets.xcassets in Resources */ = {isa = PBXBuildFile; fileRef = D8D10ECA1CC48A9F00A434F6 /* Assets.xcassets */; };
		D8D10ECE1CC48A9F00A434F6 /* MainMenu.xib in Resources */ = {isa = PBXBuildFile; fileRef = D8D10ECC1CC48A9F00A434F6 /* MainMenu.xib */; };
		D8D10ED91CC48A9F00A434F6 /* Ghostnote_BrowserTests.swift in Sources */ = {isa = PBXBuildFile; fileRef = D8D10ED81CC48A9F00A434F6 /* Ghostnote_BrowserTests.swift */; };
		D8D10EE41CC48A9F00A434F6 /* Ghostnote_BrowserUITests.swift in Sources */ = {isa = PBXBuildFile; fileRef = D8D10EE31CC48A9F00A434F6 /* Ghostnote_BrowserUITests.swift */; };
		D8D30DAD1D02A1BD004009F7 /* GhostNotesAppTableViewController.swift in Sources */ = {isa = PBXBuildFile; fileRef = D8D30DAC1D02A1BD004009F7 /* GhostNotesAppTableViewController.swift */; };
		D8D30DAF1D02A1D3004009F7 /* GhostNotesDocTableViewController.swift in Sources */ = {isa = PBXBuildFile; fileRef = D8D30DAE1D02A1D3004009F7 /* GhostNotesDocTableViewController.swift */; };
		D8D30DB11D02A73D004009F7 /* AppCell.xib in Resources */ = {isa = PBXBuildFile; fileRef = D8D30DB01D02A73D004009F7 /* AppCell.xib */; };
		D8E380EC1CDC21000028D161 /* TaskCell.xib in Resources */ = {isa = PBXBuildFile; fileRef = D8E380EB1CDC21000028D161 /* TaskCell.xib */; };
		D8FEA3CB1D3A99C400DA822F /* TextProcessor.swift in Sources */ = {isa = PBXBuildFile; fileRef = D8FEA3CA1D3A99C400DA822F /* TextProcessor.swift */; };
		D8FEA3CD1D3AA17F00DA822F /* NSFontExtensions.swift in Sources */ = {isa = PBXBuildFile; fileRef = D8FEA3CC1D3AA17F00DA822F /* NSFontExtensions.swift */; };
		D8FEA3CE1D3AB52200DA822F /* Hellvetica-Regular.otf in Resources */ = {isa = PBXBuildFile; fileRef = D8BD62D11D3811F800BD45AC /* Hellvetica-Regular.otf */; };
		D8FEA3D01D3B38B000DA822F /* NSAttributesStringExtensions.swift in Sources */ = {isa = PBXBuildFile; fileRef = D8FEA3CF1D3B38B000DA822F /* NSAttributesStringExtensions.swift */; };
		D8FF02351D08C516004AE6E2 /* TaskListCell.xib in Resources */ = {isa = PBXBuildFile; fileRef = D8FF02341D08C516004AE6E2 /* TaskListCell.xib */; };
		D8FF023C1D0A6CC9004AE6E2 /* HeaderCell.xib in Resources */ = {isa = PBXBuildFile; fileRef = D8FF023B1D0A6CC9004AE6E2 /* HeaderCell.xib */; };
		D8FF023E1D0A6D6C004AE6E2 /* HeaderCell.swift in Sources */ = {isa = PBXBuildFile; fileRef = D8FF023D1D0A6D6C004AE6E2 /* HeaderCell.swift */; };
/* End PBXBuildFile section */

/* Begin PBXContainerItemProxy section */
		D8D10ED51CC48A9F00A434F6 /* PBXContainerItemProxy */ = {
			isa = PBXContainerItemProxy;
			containerPortal = D8D10EBA1CC48A9F00A434F6 /* Project object */;
			proxyType = 1;
			remoteGlobalIDString = D8D10EC11CC48A9F00A434F6;
			remoteInfo = "Ghostnote Browser";
		};
		D8D10EE01CC48A9F00A434F6 /* PBXContainerItemProxy */ = {
			isa = PBXContainerItemProxy;
			containerPortal = D8D10EBA1CC48A9F00A434F6 /* Project object */;
			proxyType = 1;
			remoteGlobalIDString = D8D10EC11CC48A9F00A434F6;
			remoteInfo = "Ghostnote Browser";
		};
/* End PBXContainerItemProxy section */

/* Begin PBXCopyFilesBuildPhase section */
		D8E659151CC49A40002CEA9B /* Embed Frameworks */ = {
			isa = PBXCopyFilesBuildPhase;
			buildActionMask = 12;
			dstPath = "";
			dstSubfolderSpec = 10;
			files = (
				D884C1A81CE2760A003E15D2 /* Realm.framework in Embed Frameworks */,
				D884C1AA1CE2760A003E15D2 /* RealmSwift.framework in Embed Frameworks */,
			);
			name = "Embed Frameworks";
			runOnlyForDeploymentPostprocessing = 0;
		};
/* End PBXCopyFilesBuildPhase section */

/* Begin PBXFileReference section */
		D80001AD1CD7F98A00255E54 /* NoteNameValidator.swift */ = {isa = PBXFileReference; fileEncoding = 4; lastKnownFileType = sourcecode.swift; name = NoteNameValidator.swift; path = Models/NoteNameValidator.swift; sourceTree = "<group>"; };
		D80001B31CD88BDC00255E54 /* NoteTextViewController.swift */ = {isa = PBXFileReference; fileEncoding = 4; lastKnownFileType = sourcecode.swift; name = NoteTextViewController.swift; path = "View Controllers/NoteTextViewController.swift"; sourceTree = "<group>"; };
		D80001B51CD957C200255E54 /* TaskListController.swift */ = {isa = PBXFileReference; fileEncoding = 4; lastKnownFileType = sourcecode.swift; name = TaskListController.swift; path = "View Controllers/TaskListController.swift"; sourceTree = "<group>"; };
		D803FEB71D21A5FD00360741 /* StringExtensions.swift */ = {isa = PBXFileReference; fileEncoding = 4; lastKnownFileType = sourcecode.swift; path = StringExtensions.swift; sourceTree = "<group>"; };
		D803FEB91D21C88100360741 /* CustomRowView.xib */ = {isa = PBXFileReference; fileEncoding = 4; lastKnownFileType = file.xib; path = CustomRowView.xib; sourceTree = "<group>"; };
		D803FEBB1D21C8A700360741 /* CustomRowView.swift */ = {isa = PBXFileReference; fileEncoding = 4; lastKnownFileType = sourcecode.swift; path = CustomRowView.swift; sourceTree = "<group>"; };
		D803FEBD1D220E4400360741 /* NSTableViewExtensions.swift */ = {isa = PBXFileReference; fileEncoding = 4; lastKnownFileType = sourcecode.swift; path = NSTableViewExtensions.swift; sourceTree = "<group>"; };
		D803FEBF1D2219B900360741 /* ConfirmDeleteViewController.swift */ = {isa = PBXFileReference; fileEncoding = 4; lastKnownFileType = sourcecode.swift; path = ConfirmDeleteViewController.swift; sourceTree = "<group>"; };
		D803FEC01D2219B900360741 /* ConfirmDeleteViewController.xib */ = {isa = PBXFileReference; fileEncoding = 4; lastKnownFileType = file.xib; path = ConfirmDeleteViewController.xib; sourceTree = "<group>"; };
		D807C1C51D302353007F3BD6 /* CustomTextView.swift */ = {isa = PBXFileReference; fileEncoding = 4; lastKnownFileType = sourcecode.swift; path = CustomTextView.swift; sourceTree = "<group>"; };
		D81281871CCD97F2001749E9 /* ButtonNavViewController.xib */ = {isa = PBXFileReference; fileEncoding = 4; lastKnownFileType = file.xib; name = ButtonNavViewController.xib; path = Views/ButtonNavViewController.xib; sourceTree = "<group>"; };
		D81281891CCD98C0001749E9 /* ButtonNavViewController.swift */ = {isa = PBXFileReference; fileEncoding = 4; lastKnownFileType = sourcecode.swift; name = ButtonNavViewController.swift; path = "View Controllers/ButtonNavViewController.swift"; sourceTree = "<group>"; };
		D812818B1CCD9AA3001749E9 /* MainWindowController.swift */ = {isa = PBXFileReference; fileEncoding = 4; lastKnownFileType = sourcecode.swift; path = MainWindowController.swift; sourceTree = "<group>"; };
		D812818C1CCD9AA3001749E9 /* MainWindowController.xib */ = {isa = PBXFileReference; fileEncoding = 4; lastKnownFileType = file.xib; path = MainWindowController.xib; sourceTree = "<group>"; };
		D812818F1CCD9BEC001749E9 /* NotesViewController.xib */ = {isa = PBXFileReference; fileEncoding = 4; lastKnownFileType = file.xib; path = NotesViewController.xib; sourceTree = "<group>"; };
		D81281911CCDB9CE001749E9 /* TasksViewController.xib */ = {isa = PBXFileReference; fileEncoding = 4; lastKnownFileType = file.xib; path = TasksViewController.xib; sourceTree = "<group>"; };
		D81281931CCDB9DC001749E9 /* GhostnotesViewController.xib */ = {isa = PBXFileReference; fileEncoding = 4; lastKnownFileType = file.xib; path = GhostnotesViewController.xib; sourceTree = "<group>"; };
		D81281951CCDCE6C001749E9 /* NoteCell.swift */ = {isa = PBXFileReference; fileEncoding = 4; lastKnownFileType = sourcecode.swift; name = NoteCell.swift; path = Views/NoteCell.swift; sourceTree = "<group>"; };
		D81281981CCDCFD8001749E9 /* NotesTableViewController.swift */ = {isa = PBXFileReference; fileEncoding = 4; lastKnownFileType = sourcecode.swift; path = NotesTableViewController.swift; sourceTree = "<group>"; };
		D812819A1CCDDE93001749E9 /* GNTheme.swift */ = {isa = PBXFileReference; fileEncoding = 4; lastKnownFileType = sourcecode.swift; name = GNTheme.swift; path = Models/GNTheme.swift; sourceTree = "<group>"; };
		D81281A71CCEB3B2001749E9 /* Note.swift */ = {isa = PBXFileReference; fileEncoding = 4; lastKnownFileType = sourcecode.swift; path = Note.swift; sourceTree = "<group>"; };
		D81281A91CCEB60B001749E9 /* NoteManager.swift */ = {isa = PBXFileReference; fileEncoding = 4; lastKnownFileType = sourcecode.swift; path = NoteManager.swift; sourceTree = "<group>"; };
		D8151CC11D00C2CC00F04C24 /* NoteCell.xib */ = {isa = PBXFileReference; fileEncoding = 4; lastKnownFileType = file.xib; path = NoteCell.xib; sourceTree = "<group>"; };
		D8151CC31D027F6A00F04C24 /* DeletableTableView.swift */ = {isa = PBXFileReference; fileEncoding = 4; lastKnownFileType = sourcecode.swift; path = DeletableTableView.swift; sourceTree = "<group>"; };
		D824C8D71D18739C00246E8C /* NoteSearchController.swift */ = {isa = PBXFileReference; fileEncoding = 4; lastKnownFileType = sourcecode.swift; path = NoteSearchController.swift; sourceTree = "<group>"; };
		D824C8D91D1873AA00246E8C /* TasksSearchController.swift */ = {isa = PBXFileReference; fileEncoding = 4; lastKnownFileType = sourcecode.swift; path = TasksSearchController.swift; sourceTree = "<group>"; };
		D824C8DB1D1873BB00246E8C /* GhostnotesSearchController.swift */ = {isa = PBXFileReference; fileEncoding = 4; lastKnownFileType = sourcecode.swift; path = GhostnotesSearchController.swift; sourceTree = "<group>"; };
		D824C8DD1D18E45C00246E8C /* NotesSearchControllerTests.swift */ = {isa = PBXFileReference; fileEncoding = 4; lastKnownFileType = sourcecode.swift; path = NotesSearchControllerTests.swift; sourceTree = "<group>"; };
		D824C8E61D18F27200246E8C /* MainMenuController.swift */ = {isa = PBXFileReference; fileEncoding = 4; lastKnownFileType = sourcecode.swift; path = MainMenuController.swift; sourceTree = "<group>"; };
		D824C8E91D1902BE00246E8C /* HasIDString.swift */ = {isa = PBXFileReference; fileEncoding = 4; lastKnownFileType = sourcecode.swift; path = HasIDString.swift; sourceTree = "<group>"; };
		D8265A601CDB15F00054AF57 /* TasksController.swift */ = {isa = PBXFileReference; fileEncoding = 4; lastKnownFileType = sourcecode.swift; path = TasksController.swift; sourceTree = "<group>"; };
		D8265A621CDB18760054AF57 /* TaskListCell.swift */ = {isa = PBXFileReference; fileEncoding = 4; lastKnownFileType = sourcecode.swift; name = TaskListCell.swift; path = Views/TaskListCell.swift; sourceTree = "<group>"; };
		D8265A641CDBE37E0054AF57 /* TaskCell.swift */ = {isa = PBXFileReference; fileEncoding = 4; lastKnownFileType = sourcecode.swift; path = TaskCell.swift; sourceTree = "<group>"; };
		D8265A661CDC10210054AF57 /* TaskNameValidator.swift */ = {isa = PBXFileReference; fileEncoding = 4; lastKnownFileType = sourcecode.swift; path = TaskNameValidator.swift; sourceTree = "<group>"; };
		D82F61B71D13C2F000721EB6 /* NSTextFieldExtensions.swift */ = {isa = PBXFileReference; fileEncoding = 4; lastKnownFileType = sourcecode.swift; path = NSTextFieldExtensions.swift; sourceTree = "<group>"; };
		D83E5B3F1CDA737A0044F7A3 /* TaskList.swift */ = {isa = PBXFileReference; fileEncoding = 4; lastKnownFileType = sourcecode.swift; name = TaskList.swift; path = Models/TaskList.swift; sourceTree = "<group>"; };
		D83E5B411CDA74180044F7A3 /* Task.swift */ = {isa = PBXFileReference; fileEncoding = 4; lastKnownFileType = sourcecode.swift; path = Task.swift; sourceTree = "<group>"; };
		D83E5B431CDA74BD0044F7A3 /* TaskListManager.swift */ = {isa = PBXFileReference; fileEncoding = 4; lastKnownFileType = sourcecode.swift; name = TaskListManager.swift; path = Models/TaskListManager.swift; sourceTree = "<group>"; };
		D83E5B461CDA76400044F7A3 /* TaskListNameValidator.swift */ = {isa = PBXFileReference; fileEncoding = 4; lastKnownFileType = sourcecode.swift; path = TaskListNameValidator.swift; sourceTree = "<group>"; };
		D83E5B4C1CDA7A430044F7A3 /* NamedItemValidator.swift */ = {isa = PBXFileReference; fileEncoding = 4; lastKnownFileType = sourcecode.swift; path = NamedItemValidator.swift; sourceTree = "<group>"; };
		D84EB0651D3F24C300CE7D14 /* Welcome to Ghostnote!.rtfd */ = {isa = PBXFileReference; lastKnownFileType = wrapper.rtfd; path = "Welcome to Ghostnote!.rtfd"; sourceTree = "<group>"; };
		D84F16C21CC54ED6005612BB /* AppIconProvider.swift */ = {isa = PBXFileReference; fileEncoding = 4; lastKnownFileType = sourcecode.swift; path = AppIconProvider.swift; sourceTree = "<group>"; };
		D84F16C31CC54ED6005612BB /* AppNameProvider.swift */ = {isa = PBXFileReference; fileEncoding = 4; lastKnownFileType = sourcecode.swift; path = AppNameProvider.swift; sourceTree = "<group>"; };
		D84F16C41CC54ED6005612BB /* DocumentIconProvider.swift */ = {isa = PBXFileReference; fileEncoding = 4; lastKnownFileType = sourcecode.swift; path = DocumentIconProvider.swift; sourceTree = "<group>"; };
		D84F16D31CC553B3005612BB /* App.swift */ = {isa = PBXFileReference; fileEncoding = 4; lastKnownFileType = sourcecode.swift; name = App.swift; path = Models/App.swift; sourceTree = "<group>"; };
		D84F16D51CC553DC005612BB /* Document.swift */ = {isa = PBXFileReference; fileEncoding = 4; lastKnownFileType = sourcecode.swift; name = Document.swift; path = Models/Document.swift; sourceTree = "<group>"; };
		D84F16DC1CC60EB6005612BB /* AppCell.swift */ = {isa = PBXFileReference; fileEncoding = 4; lastKnownFileType = sourcecode.swift; path = AppCell.swift; sourceTree = "<group>"; };
		D84F16DE1CC60EEE005612BB /* DocCell.swift */ = {isa = PBXFileReference; fileEncoding = 4; lastKnownFileType = sourcecode.swift; path = DocCell.swift; sourceTree = "<group>"; };
		D84F16E41CC71215005612BB /* NotesViewController.swift */ = {isa = PBXFileReference; fileEncoding = 4; lastKnownFileType = sourcecode.swift; name = NotesViewController.swift; path = "View Controllers/NotesViewController.swift"; sourceTree = "<group>"; };
		D84F16E91CC7123E005612BB /* TasksViewController.swift */ = {isa = PBXFileReference; fileEncoding = 4; lastKnownFileType = sourcecode.swift; name = TasksViewController.swift; path = "View Controllers/TasksViewController.swift"; sourceTree = "<group>"; };
		D84F16EE1CC71260005612BB /* GhostnotesViewController.swift */ = {isa = PBXFileReference; fileEncoding = 4; lastKnownFileType = sourcecode.swift; name = GhostnotesViewController.swift; path = "View Controllers/GhostnotesViewController.swift"; sourceTree = "<group>"; };
		D86A9FB91D148FCC00F6DFF9 /* CustomSplitView.swift */ = {isa = PBXFileReference; fileEncoding = 4; lastKnownFileType = sourcecode.swift; path = CustomSplitView.swift; sourceTree = "<group>"; };
		D86DC3821D0407E30013DFC8 /* DocCell.xib */ = {isa = PBXFileReference; fileEncoding = 4; lastKnownFileType = file.xib; path = DocCell.xib; sourceTree = "<group>"; };
		D86FA0461D35F01200FFEC80 /* NSColorExtensions.swift */ = {isa = PBXFileReference; fileEncoding = 4; lastKnownFileType = sourcecode.swift; path = NSColorExtensions.swift; sourceTree = "<group>"; };
		D872BA751D0BDCBF00C0C556 /* SelectableCell.swift */ = {isa = PBXFileReference; fileEncoding = 4; lastKnownFileType = sourcecode.swift; path = SelectableCell.swift; sourceTree = "<group>"; };
		D884C1A01CE27600003E15D2 /* Realm.framework */ = {isa = PBXFileReference; lastKnownFileType = wrapper.framework; name = Realm.framework; path = Carthage/Build/Mac/Realm.framework; sourceTree = "<group>"; };
		D884C1A11CE27600003E15D2 /* RealmSwift.framework */ = {isa = PBXFileReference; lastKnownFileType = wrapper.framework; name = RealmSwift.framework; path = Carthage/Build/Mac/RealmSwift.framework; sourceTree = "<group>"; };
		D8BD62D11D3811F800BD45AC /* Hellvetica-Regular.otf */ = {isa = PBXFileReference; lastKnownFileType = file; path = "Hellvetica-Regular.otf"; sourceTree = "<group>"; };
		D8BD62D51D382CFE00BD45AC /* Hellvetica-Regular-2.otf */ = {isa = PBXFileReference; lastKnownFileType = file; path = "Hellvetica-Regular-2.otf"; sourceTree = "<group>"; };
		D8BD62D71D382E0A00BD45AC /* customFonts */ = {isa = PBXFileReference; lastKnownFileType = folder; path = customFonts; sourceTree = "<group>"; };
		D8CC00AC1CE6793300D13331 /* GhostNoteManager.swift */ = {isa = PBXFileReference; fileEncoding = 4; lastKnownFileType = sourcecode.swift; path = GhostNoteManager.swift; sourceTree = "<group>"; };
		D8CC00AE1CE6798600D13331 /* GhostNote.swift */ = {isa = PBXFileReference; fileEncoding = 4; lastKnownFileType = sourcecode.swift; path = GhostNote.swift; sourceTree = "<group>"; };
		D8CC00B01CE67B6D00D13331 /* GhostNoteTextViewController.swift */ = {isa = PBXFileReference; fileEncoding = 4; lastKnownFileType = sourcecode.swift; path = GhostNoteTextViewController.swift; sourceTree = "<group>"; };
		D8CD4DB01D317269008C7427 /* NSImageExtensions.swift */ = {isa = PBXFileReference; fileEncoding = 4; lastKnownFileType = sourcecode.swift; path = NSImageExtensions.swift; sourceTree = "<group>"; };
		D8D10EC21CC48A9F00A434F6 /* Ghostnote Browser.app */ = {isa = PBXFileReference; explicitFileType = wrapper.application; includeInIndex = 0; path = "Ghostnote Browser.app"; sourceTree = BUILT_PRODUCTS_DIR; };
		D8D10EC51CC48A9F00A434F6 /* AppDelegate.swift */ = {isa = PBXFileReference; lastKnownFileType = sourcecode.swift; path = AppDelegate.swift; sourceTree = "<group>"; };
		D8D10ECA1CC48A9F00A434F6 /* Assets.xcassets */ = {isa = PBXFileReference; lastKnownFileType = folder.assetcatalog; path = Assets.xcassets; sourceTree = "<group>"; };
		D8D10ECD1CC48A9F00A434F6 /* Base */ = {isa = PBXFileReference; lastKnownFileType = file.xib; name = Base; path = Base.lproj/MainMenu.xib; sourceTree = "<group>"; };
		D8D10ECF1CC48A9F00A434F6 /* Info.plist */ = {isa = PBXFileReference; lastKnownFileType = text.plist.xml; path = Info.plist; sourceTree = "<group>"; };
		D8D10ED41CC48A9F00A434F6 /* Ghostnote BrowserTests.xctest */ = {isa = PBXFileReference; explicitFileType = wrapper.cfbundle; includeInIndex = 0; path = "Ghostnote BrowserTests.xctest"; sourceTree = BUILT_PRODUCTS_DIR; };
		D8D10ED81CC48A9F00A434F6 /* Ghostnote_BrowserTests.swift */ = {isa = PBXFileReference; lastKnownFileType = sourcecode.swift; path = Ghostnote_BrowserTests.swift; sourceTree = "<group>"; };
		D8D10EDA1CC48A9F00A434F6 /* Info.plist */ = {isa = PBXFileReference; lastKnownFileType = text.plist.xml; path = Info.plist; sourceTree = "<group>"; };
		D8D10EDF1CC48A9F00A434F6 /* Ghostnote BrowserUITests.xctest */ = {isa = PBXFileReference; explicitFileType = wrapper.cfbundle; includeInIndex = 0; path = "Ghostnote BrowserUITests.xctest"; sourceTree = BUILT_PRODUCTS_DIR; };
		D8D10EE31CC48A9F00A434F6 /* Ghostnote_BrowserUITests.swift */ = {isa = PBXFileReference; lastKnownFileType = sourcecode.swift; path = Ghostnote_BrowserUITests.swift; sourceTree = "<group>"; };
		D8D10EE51CC48A9F00A434F6 /* Info.plist */ = {isa = PBXFileReference; lastKnownFileType = text.plist.xml; path = Info.plist; sourceTree = "<group>"; };
		D8D30DAC1D02A1BD004009F7 /* GhostNotesAppTableViewController.swift */ = {isa = PBXFileReference; fileEncoding = 4; lastKnownFileType = sourcecode.swift; path = GhostNotesAppTableViewController.swift; sourceTree = "<group>"; };
		D8D30DAE1D02A1D3004009F7 /* GhostNotesDocTableViewController.swift */ = {isa = PBXFileReference; fileEncoding = 4; lastKnownFileType = sourcecode.swift; path = GhostNotesDocTableViewController.swift; sourceTree = "<group>"; };
		D8D30DB01D02A73D004009F7 /* AppCell.xib */ = {isa = PBXFileReference; fileEncoding = 4; lastKnownFileType = file.xib; path = AppCell.xib; sourceTree = "<group>"; };
		D8E380EB1CDC21000028D161 /* TaskCell.xib */ = {isa = PBXFileReference; fileEncoding = 4; lastKnownFileType = file.xib; name = TaskCell.xib; path = Views/TaskCell.xib; sourceTree = "<group>"; };
		D8FEA3CA1D3A99C400DA822F /* TextProcessor.swift */ = {isa = PBXFileReference; fileEncoding = 4; lastKnownFileType = sourcecode.swift; path = TextProcessor.swift; sourceTree = "<group>"; };
		D8FEA3CC1D3AA17F00DA822F /* NSFontExtensions.swift */ = {isa = PBXFileReference; fileEncoding = 4; lastKnownFileType = sourcecode.swift; path = NSFontExtensions.swift; sourceTree = "<group>"; };
		D8FEA3CF1D3B38B000DA822F /* NSAttributesStringExtensions.swift */ = {isa = PBXFileReference; fileEncoding = 4; lastKnownFileType = sourcecode.swift; path = NSAttributesStringExtensions.swift; sourceTree = "<group>"; };
		D8FF02341D08C516004AE6E2 /* TaskListCell.xib */ = {isa = PBXFileReference; fileEncoding = 4; lastKnownFileType = file.xib; path = TaskListCell.xib; sourceTree = "<group>"; };
		D8FF023B1D0A6CC9004AE6E2 /* HeaderCell.xib */ = {isa = PBXFileReference; fileEncoding = 4; lastKnownFileType = file.xib; path = HeaderCell.xib; sourceTree = "<group>"; };
		D8FF023D1D0A6D6C004AE6E2 /* HeaderCell.swift */ = {isa = PBXFileReference; fileEncoding = 4; lastKnownFileType = sourcecode.swift; path = HeaderCell.swift; sourceTree = "<group>"; };
/* End PBXFileReference section */

/* Begin PBXFrameworksBuildPhase section */
		D8D10EBF1CC48A9F00A434F6 /* Frameworks */ = {
			isa = PBXFrameworksBuildPhase;
			buildActionMask = 2147483647;
			files = (
				D884C1A31CE27600003E15D2 /* Realm.framework in Frameworks */,
				D884C1A91CE2760A003E15D2 /* RealmSwift.framework in Frameworks */,
			);
			runOnlyForDeploymentPostprocessing = 0;
		};
		D8D10ED11CC48A9F00A434F6 /* Frameworks */ = {
			isa = PBXFrameworksBuildPhase;
			buildActionMask = 2147483647;
			files = (
			);
			runOnlyForDeploymentPostprocessing = 0;
		};
		D8D10EDC1CC48A9F00A434F6 /* Frameworks */ = {
			isa = PBXFrameworksBuildPhase;
			buildActionMask = 2147483647;
			files = (
			);
			runOnlyForDeploymentPostprocessing = 0;
		};
/* End PBXFrameworksBuildPhase section */

/* Begin PBXGroup section */
		D81281861CCD7AC3001749E9 /* Nav */ = {
			isa = PBXGroup;
			children = (
				D81281871CCD97F2001749E9 /* ButtonNavViewController.xib */,
				D81281891CCD98C0001749E9 /* ButtonNavViewController.swift */,
			);
			name = Nav;
			sourceTree = "<group>";
		};
		D81281971CCDCFB2001749E9 /* View Controller */ = {
			isa = PBXGroup;
			children = (
				D81281981CCDCFD8001749E9 /* NotesTableViewController.swift */,
				D84F16E41CC71215005612BB /* NotesViewController.swift */,
				D812818F1CCD9BEC001749E9 /* NotesViewController.xib */,
				D80001B31CD88BDC00255E54 /* NoteTextViewController.swift */,
			);
			name = "View Controller";
			sourceTree = "<group>";
		};
		D81281A61CCEB3A0001749E9 /* Realm */ = {
			isa = PBXGroup;
			children = (
				D83E5B3F1CDA737A0044F7A3 /* TaskList.swift */,
				D83E5B411CDA74180044F7A3 /* Task.swift */,
				D81281A71CCEB3B2001749E9 /* Note.swift */,
				D8CC00AE1CE6798600D13331 /* GhostNote.swift */,
			);
			name = Realm;
			sourceTree = "<group>";
		};
		D81281AB1CCEB660001749E9 /* Managers */ = {
			isa = PBXGroup;
			children = (
				D81281A91CCEB60B001749E9 /* NoteManager.swift */,
				D83E5B431CDA74BD0044F7A3 /* TaskListManager.swift */,
				D8CC00AC1CE6793300D13331 /* GhostNoteManager.swift */,
			);
			name = Managers;
			sourceTree = "<group>";
		};
		D8151CC51D028B1C00F04C24 /* Table Cells */ = {
			isa = PBXGroup;
			children = (
				D8FF023A1D0A6CB2004AE6E2 /* Header Cell */,
				D8FF022D1D07D511004AE6E2 /* App Cell */,
				D8FF022E1D07D51F004AE6E2 /* Doc Cell */,
				D8FF022F1D07D52B004AE6E2 /* Note Cell */,
				D8FF02331D08C4F7004AE6E2 /* Task List Cell */,
				D8FF02301D07D547004AE6E2 /* Task Cell */,
				D872BA751D0BDCBF00C0C556 /* SelectableCell.swift */,
			);
			name = "Table Cells";
			sourceTree = "<group>";
		};
		D824C8D61D18729800246E8C /* Search */ = {
			isa = PBXGroup;
			children = (
				D824C8D71D18739C00246E8C /* NoteSearchController.swift */,
				D824C8D91D1873AA00246E8C /* TasksSearchController.swift */,
				D824C8DB1D1873BB00246E8C /* GhostnotesSearchController.swift */,
			);
			name = Search;
			sourceTree = "<group>";
		};
		D824C8E81D19029A00246E8C /* Misc Protocols */ = {
			isa = PBXGroup;
			children = (
				D824C8E91D1902BE00246E8C /* HasIDString.swift */,
			);
			name = "Misc Protocols";
			sourceTree = "<group>";
		};
		D82F61B61D13C2D800721EB6 /* UI Extensions */ = {
			isa = PBXGroup;
			children = (
				D82F61B71D13C2F000721EB6 /* NSTextFieldExtensions.swift */,
				D803FEB71D21A5FD00360741 /* StringExtensions.swift */,
				D803FEBD1D220E4400360741 /* NSTableViewExtensions.swift */,
				D8CD4DB01D317269008C7427 /* NSImageExtensions.swift */,
				D86FA0461D35F01200FFEC80 /* NSColorExtensions.swift */,
				D8FEA3CA1D3A99C400DA822F /* TextProcessor.swift */,
				D8FEA3CC1D3AA17F00DA822F /* NSFontExtensions.swift */,
				D8FEA3CF1D3B38B000DA822F /* NSAttributesStringExtensions.swift */,
			);
			name = "UI Extensions";
			sourceTree = "<group>";
		};
		D83E5B451CDA761E0044F7A3 /* Validators */ = {
			isa = PBXGroup;
			children = (
				D80001AD1CD7F98A00255E54 /* NoteNameValidator.swift */,
				D83E5B461CDA76400044F7A3 /* TaskListNameValidator.swift */,
				D83E5B4C1CDA7A430044F7A3 /* NamedItemValidator.swift */,
				D8265A661CDC10210054AF57 /* TaskNameValidator.swift */,
			);
			name = Validators;
			sourceTree = "<group>";
		};
		D84F16C11CC54E88005612BB /* Providers */ = {
			isa = PBXGroup;
			children = (
				D84F16C21CC54ED6005612BB /* AppIconProvider.swift */,
				D84F16C31CC54ED6005612BB /* AppNameProvider.swift */,
				D84F16C41CC54ED6005612BB /* DocumentIconProvider.swift */,
			);
			name = Providers;
			sourceTree = "<group>";
		};
		D84F16C81CC54FE5005612BB /* Menus */ = {
			isa = PBXGroup;
			children = (
				D8D10ECC1CC48A9F00A434F6 /* MainMenu.xib */,
				D824C8E61D18F27200246E8C /* MainMenuController.swift */,
			);
			name = Menus;
			sourceTree = "<group>";
		};
		D84F16CF1CC550A4005612BB /* View Controllers */ = {
			isa = PBXGroup;
			children = (
				D81281861CCD7AC3001749E9 /* Nav */,
				D84F16E81CC71220005612BB /* Notes */,
				D84F16ED1CC71246005612BB /* Todos */,
				D84F16F21CC7126A005612BB /* Ghostnotes */,
				D803FEBF1D2219B900360741 /* ConfirmDeleteViewController.swift */,
				D803FEC01D2219B900360741 /* ConfirmDeleteViewController.xib */,
			);
			name = "View Controllers";
			sourceTree = "<group>";
		};
		D84F16D21CC5539D005612BB /* Models */ = {
			isa = PBXGroup;
			children = (
				D83E5B451CDA761E0044F7A3 /* Validators */,
				D81281AB1CCEB660001749E9 /* Managers */,
				D8FF02321D07D5AD004AE6E2 /* View Models */,
				D812819A1CCDDE93001749E9 /* GNTheme.swift */,
			);
			name = Models;
			sourceTree = "<group>";
		};
		D84F16DB1CC60E9C005612BB /* Views */ = {
			isa = PBXGroup;
			children = (
				D807C1C51D302353007F3BD6 /* CustomTextView.swift */,
				D86A9FB91D148FCC00F6DFF9 /* CustomSplitView.swift */,
				D8151CC51D028B1C00F04C24 /* Table Cells */,
				D8151CC31D027F6A00F04C24 /* DeletableTableView.swift */,
				D803FEB91D21C88100360741 /* CustomRowView.xib */,
				D803FEBB1D21C8A700360741 /* CustomRowView.swift */,
			);
			name = Views;
			sourceTree = "<group>";
		};
		D84F16E81CC71220005612BB /* Notes */ = {
			isa = PBXGroup;
			children = (
				D81281971CCDCFB2001749E9 /* View Controller */,
			);
			name = Notes;
			sourceTree = "<group>";
		};
		D84F16ED1CC71246005612BB /* Todos */ = {
			isa = PBXGroup;
			children = (
				D84F16E91CC7123E005612BB /* TasksViewController.swift */,
				D81281911CCDB9CE001749E9 /* TasksViewController.xib */,
				D80001B51CD957C200255E54 /* TaskListController.swift */,
				D8265A601CDB15F00054AF57 /* TasksController.swift */,
			);
			name = Todos;
			sourceTree = "<group>";
		};
		D84F16F21CC7126A005612BB /* Ghostnotes */ = {
			isa = PBXGroup;
			children = (
				D84F16EE1CC71260005612BB /* GhostnotesViewController.swift */,
				D81281931CCDB9DC001749E9 /* GhostnotesViewController.xib */,
				D8CC00B01CE67B6D00D13331 /* GhostNoteTextViewController.swift */,
				D8D30DAC1D02A1BD004009F7 /* GhostNotesAppTableViewController.swift */,
				D8D30DAE1D02A1D3004009F7 /* GhostNotesDocTableViewController.swift */,
			);
			name = Ghostnotes;
			sourceTree = "<group>";
		};
		D8BD62D41D382CFE00BD45AC /* customFonts */ = {
			isa = PBXGroup;
			children = (
				D8BD62D51D382CFE00BD45AC /* Hellvetica-Regular-2.otf */,
			);
			name = customFonts;
			path = "Ghostnote Browser/customFonts";
			sourceTree = "<group>";
		};
		D8D10EB91CC48A9F00A434F6 = {
			isa = PBXGroup;
			children = (
				D8BD62D71D382E0A00BD45AC /* customFonts */,
				D8BD62D41D382CFE00BD45AC /* customFonts */,
				D8BD62D11D3811F800BD45AC /* Hellvetica-Regular.otf */,
				D884C1A01CE27600003E15D2 /* Realm.framework */,
				D884C1A11CE27600003E15D2 /* RealmSwift.framework */,
				D8D10EC41CC48A9F00A434F6 /* Ghostnote Browser */,
				D8D10ED71CC48A9F00A434F6 /* Ghostnote BrowserTests */,
				D8D10EE21CC48A9F00A434F6 /* Ghostnote BrowserUITests */,
				D8D10EC31CC48A9F00A434F6 /* Products */,
			);
			sourceTree = "<group>";
		};
		D8D10EC31CC48A9F00A434F6 /* Products */ = {
			isa = PBXGroup;
			children = (
				D8D10EC21CC48A9F00A434F6 /* Ghostnote Browser.app */,
				D8D10ED41CC48A9F00A434F6 /* Ghostnote BrowserTests.xctest */,
				D8D10EDF1CC48A9F00A434F6 /* Ghostnote BrowserUITests.xctest */,
			);
			name = Products;
			sourceTree = "<group>";
		};
		D8D10EC41CC48A9F00A434F6 /* Ghostnote Browser */ = {
			isa = PBXGroup;
			children = (
				D824C8E81D19029A00246E8C /* Misc Protocols */,
				D824C8D61D18729800246E8C /* Search */,
				D82F61B61D13C2D800721EB6 /* UI Extensions */,
				D81281A61CCEB3A0001749E9 /* Realm */,
				D84F16DB1CC60E9C005612BB /* Views */,
				D84F16D21CC5539D005612BB /* Models */,
				D84F16CF1CC550A4005612BB /* View Controllers */,
				D84F16C81CC54FE5005612BB /* Menus */,
				D84F16C11CC54E88005612BB /* Providers */,
				D8D10EC51CC48A9F00A434F6 /* AppDelegate.swift */,
				D8D10ECA1CC48A9F00A434F6 /* Assets.xcassets */,
				D8D10ECF1CC48A9F00A434F6 /* Info.plist */,
				D812818B1CCD9AA3001749E9 /* MainWindowController.swift */,
				D812818C1CCD9AA3001749E9 /* MainWindowController.xib */,
				D84EB0651D3F24C300CE7D14 /* Welcome to Ghostnote!.rtfd */,
			);
			path = "Ghostnote Browser";
			sourceTree = "<group>";
		};
		D8D10ED71CC48A9F00A434F6 /* Ghostnote BrowserTests */ = {
			isa = PBXGroup;
			children = (
				D8D10ED81CC48A9F00A434F6 /* Ghostnote_BrowserTests.swift */,
				D8D10EDA1CC48A9F00A434F6 /* Info.plist */,
				D824C8DD1D18E45C00246E8C /* NotesSearchControllerTests.swift */,
			);
			path = "Ghostnote BrowserTests";
			sourceTree = "<group>";
		};
		D8D10EE21CC48A9F00A434F6 /* Ghostnote BrowserUITests */ = {
			isa = PBXGroup;
			children = (
				D8D10EE31CC48A9F00A434F6 /* Ghostnote_BrowserUITests.swift */,
				D8D10EE51CC48A9F00A434F6 /* Info.plist */,
			);
			path = "Ghostnote BrowserUITests";
			sourceTree = "<group>";
		};
		D8FF022D1D07D511004AE6E2 /* App Cell */ = {
			isa = PBXGroup;
			children = (
				D84F16DC1CC60EB6005612BB /* AppCell.swift */,
				D8D30DB01D02A73D004009F7 /* AppCell.xib */,
			);
			name = "App Cell";
			sourceTree = "<group>";
		};
		D8FF022E1D07D51F004AE6E2 /* Doc Cell */ = {
			isa = PBXGroup;
			children = (
				D84F16DE1CC60EEE005612BB /* DocCell.swift */,
				D86DC3821D0407E30013DFC8 /* DocCell.xib */,
			);
			name = "Doc Cell";
			sourceTree = "<group>";
		};
		D8FF022F1D07D52B004AE6E2 /* Note Cell */ = {
			isa = PBXGroup;
			children = (
				D81281951CCDCE6C001749E9 /* NoteCell.swift */,
				D8151CC11D00C2CC00F04C24 /* NoteCell.xib */,
			);
			name = "Note Cell";
			sourceTree = "<group>";
		};
		D8FF02301D07D547004AE6E2 /* Task Cell */ = {
			isa = PBXGroup;
			children = (
				D8265A641CDBE37E0054AF57 /* TaskCell.swift */,
				D8E380EB1CDC21000028D161 /* TaskCell.xib */,
			);
			name = "Task Cell";
			sourceTree = "<group>";
		};
		D8FF02321D07D5AD004AE6E2 /* View Models */ = {
			isa = PBXGroup;
			children = (
				D84F16D31CC553B3005612BB /* App.swift */,
				D84F16D51CC553DC005612BB /* Document.swift */,
			);
			name = "View Models";
			sourceTree = "<group>";
		};
		D8FF02331D08C4F7004AE6E2 /* Task List Cell */ = {
			isa = PBXGroup;
			children = (
				D8265A621CDB18760054AF57 /* TaskListCell.swift */,
				D8FF02341D08C516004AE6E2 /* TaskListCell.xib */,
			);
			name = "Task List Cell";
			sourceTree = "<group>";
		};
		D8FF023A1D0A6CB2004AE6E2 /* Header Cell */ = {
			isa = PBXGroup;
			children = (
				D8FF023B1D0A6CC9004AE6E2 /* HeaderCell.xib */,
				D8FF023D1D0A6D6C004AE6E2 /* HeaderCell.swift */,
			);
			name = "Header Cell";
			sourceTree = "<group>";
		};
/* End PBXGroup section */

/* Begin PBXNativeTarget section */
		D8D10EC11CC48A9F00A434F6 /* Ghostnote Browser */ = {
			isa = PBXNativeTarget;
			buildConfigurationList = D8D10EE81CC48A9F00A434F6 /* Build configuration list for PBXNativeTarget "Ghostnote Browser" */;
			buildPhases = (
				D8D10EBE1CC48A9F00A434F6 /* Sources */,
				D8D10EBF1CC48A9F00A434F6 /* Frameworks */,
				D8D10EC01CC48A9F00A434F6 /* Resources */,
				D8E659151CC49A40002CEA9B /* Embed Frameworks */,
			);
			buildRules = (
			);
			dependencies = (
			);
			name = "Ghostnote Browser";
			productName = "Ghostnote Browser";
			productReference = D8D10EC21CC48A9F00A434F6 /* Ghostnote Browser.app */;
			productType = "com.apple.product-type.application";
		};
		D8D10ED31CC48A9F00A434F6 /* Ghostnote BrowserTests */ = {
			isa = PBXNativeTarget;
			buildConfigurationList = D8D10EEB1CC48A9F00A434F6 /* Build configuration list for PBXNativeTarget "Ghostnote BrowserTests" */;
			buildPhases = (
				D8D10ED01CC48A9F00A434F6 /* Sources */,
				D8D10ED11CC48A9F00A434F6 /* Frameworks */,
				D8D10ED21CC48A9F00A434F6 /* Resources */,
			);
			buildRules = (
			);
			dependencies = (
				D8D10ED61CC48A9F00A434F6 /* PBXTargetDependency */,
			);
			name = "Ghostnote BrowserTests";
			productName = "Ghostnote BrowserTests";
			productReference = D8D10ED41CC48A9F00A434F6 /* Ghostnote BrowserTests.xctest */;
			productType = "com.apple.product-type.bundle.unit-test";
		};
		D8D10EDE1CC48A9F00A434F6 /* Ghostnote BrowserUITests */ = {
			isa = PBXNativeTarget;
			buildConfigurationList = D8D10EEE1CC48A9F00A434F6 /* Build configuration list for PBXNativeTarget "Ghostnote BrowserUITests" */;
			buildPhases = (
				D8D10EDB1CC48A9F00A434F6 /* Sources */,
				D8D10EDC1CC48A9F00A434F6 /* Frameworks */,
				D8D10EDD1CC48A9F00A434F6 /* Resources */,
			);
			buildRules = (
			);
			dependencies = (
				D8D10EE11CC48A9F00A434F6 /* PBXTargetDependency */,
			);
			name = "Ghostnote BrowserUITests";
			productName = "Ghostnote BrowserUITests";
			productReference = D8D10EDF1CC48A9F00A434F6 /* Ghostnote BrowserUITests.xctest */;
			productType = "com.apple.product-type.bundle.ui-testing";
		};
/* End PBXNativeTarget section */

/* Begin PBXProject section */
		D8D10EBA1CC48A9F00A434F6 /* Project object */ = {
			isa = PBXProject;
			attributes = {
				LastSwiftUpdateCheck = 0730;
				LastUpgradeCheck = 0730;
				ORGANIZATIONNAME = "Ghostnnote HQ";
				TargetAttributes = {
					D8D10EC11CC48A9F00A434F6 = {
						CreatedOnToolsVersion = 7.3;
						DevelopmentTeam = H37GZ9FGMS;
					};
					D8D10ED31CC48A9F00A434F6 = {
						CreatedOnToolsVersion = 7.3;
						TestTargetID = D8D10EC11CC48A9F00A434F6;
					};
					D8D10EDE1CC48A9F00A434F6 = {
						CreatedOnToolsVersion = 7.3;
						TestTargetID = D8D10EC11CC48A9F00A434F6;
					};
				};
			};
			buildConfigurationList = D8D10EBD1CC48A9F00A434F6 /* Build configuration list for PBXProject "Ghostnote Browser" */;
			compatibilityVersion = "Xcode 3.2";
			developmentRegion = English;
			hasScannedForEncodings = 0;
			knownRegions = (
				en,
				Base,
			);
			mainGroup = D8D10EB91CC48A9F00A434F6;
			productRefGroup = D8D10EC31CC48A9F00A434F6 /* Products */;
			projectDirPath = "";
			projectRoot = "";
			targets = (
				D8D10EC11CC48A9F00A434F6 /* Ghostnote Browser */,
				D8D10ED31CC48A9F00A434F6 /* Ghostnote BrowserTests */,
				D8D10EDE1CC48A9F00A434F6 /* Ghostnote BrowserUITests */,
			);
		};
/* End PBXProject section */

/* Begin PBXResourcesBuildPhase section */
		D8D10EC01CC48A9F00A434F6 /* Resources */ = {
			isa = PBXResourcesBuildPhase;
			buildActionMask = 2147483647;
			files = (
				D8BD62D81D382E0A00BD45AC /* customFonts in Resources */,
				D81281881CCD97F2001749E9 /* ButtonNavViewController.xib in Resources */,
				D8E380EC1CDC21000028D161 /* TaskCell.xib in Resources */,
				D84EB0661D3F24C300CE7D14 /* Welcome to Ghostnote!.rtfd in Resources */,
				D8FF023C1D0A6CC9004AE6E2 /* HeaderCell.xib in Resources */,
				D8D10ECB1CC48A9F00A434F6 /* Assets.xcassets in Resources */,
				D803FEBA1D21C88100360741 /* CustomRowView.xib in Resources */,
				D86DC3831D0407E30013DFC8 /* DocCell.xib in Resources */,
				D81281941CCDB9DC001749E9 /* GhostnotesViewController.xib in Resources */,
				D8FF02351D08C516004AE6E2 /* TaskListCell.xib in Resources */,
				D8FEA3CE1D3AB52200DA822F /* Hellvetica-Regular.otf in Resources */,
				D8D30DB11D02A73D004009F7 /* AppCell.xib in Resources */,
				D812818E1CCD9AA3001749E9 /* MainWindowController.xib in Resources */,
				D8151CC21D00C2CC00F04C24 /* NoteCell.xib in Resources */,
				D8D10ECE1CC48A9F00A434F6 /* MainMenu.xib in Resources */,
				D81281901CCD9BEC001749E9 /* NotesViewController.xib in Resources */,
				D803FEC21D2219B900360741 /* ConfirmDeleteViewController.xib in Resources */,
				D81281921CCDB9CE001749E9 /* TasksViewController.xib in Resources */,
			);
			runOnlyForDeploymentPostprocessing = 0;
		};
		D8D10ED21CC48A9F00A434F6 /* Resources */ = {
			isa = PBXResourcesBuildPhase;
			buildActionMask = 2147483647;
			files = (
			);
			runOnlyForDeploymentPostprocessing = 0;
		};
		D8D10EDD1CC48A9F00A434F6 /* Resources */ = {
			isa = PBXResourcesBuildPhase;
			buildActionMask = 2147483647;
			files = (
			);
			runOnlyForDeploymentPostprocessing = 0;
		};
/* End PBXResourcesBuildPhase section */

/* Begin PBXSourcesBuildPhase section */
		D8D10EBE1CC48A9F00A434F6 /* Sources */ = {
			isa = PBXSourcesBuildPhase;
			buildActionMask = 2147483647;
			files = (
				D83E5B421CDA74180044F7A3 /* Task.swift in Sources */,
				D83E5B401CDA737A0044F7A3 /* TaskList.swift in Sources */,
				D84F16C71CC54ED6005612BB /* DocumentIconProvider.swift in Sources */,
				D83E5B4D1CDA7A430044F7A3 /* NamedItemValidator.swift in Sources */,
				D824C8DA1D1873AA00246E8C /* TasksSearchController.swift in Sources */,
				D803FEBC1D21C8A700360741 /* CustomRowView.swift in Sources */,
				D84F16C61CC54ED6005612BB /* AppNameProvider.swift in Sources */,
				D8FEA3CB1D3A99C400DA822F /* TextProcessor.swift in Sources */,
				D824C8DC1D1873BB00246E8C /* GhostnotesSearchController.swift in Sources */,
				D80001B61CD957C200255E54 /* TaskListController.swift in Sources */,
				D80001AE1CD7F98A00255E54 /* NoteNameValidator.swift in Sources */,
				D81281A81CCEB3B2001749E9 /* Note.swift in Sources */,
				D83E5B471CDA76400044F7A3 /* TaskListNameValidator.swift in Sources */,
				D83E5B441CDA74BD0044F7A3 /* TaskListManager.swift in Sources */,
				D803FEB81D21A5FD00360741 /* StringExtensions.swift in Sources */,
				D8CC00AD1CE6793300D13331 /* GhostNoteManager.swift in Sources */,
				D84F16DF1CC60EEE005612BB /* DocCell.swift in Sources */,
				D8FEA3CD1D3AA17F00DA822F /* NSFontExtensions.swift in Sources */,
				D84F16D41CC553B3005612BB /* App.swift in Sources */,
				D84F16EB1CC7123E005612BB /* TasksViewController.swift in Sources */,
				D824C8EA1D1902BE00246E8C /* HasIDString.swift in Sources */,
				D824C8E71D18F27200246E8C /* MainMenuController.swift in Sources */,
				D84F16F01CC71260005612BB /* GhostnotesViewController.swift in Sources */,
				D8CC00B11CE67B6D00D13331 /* GhostNoteTextViewController.swift in Sources */,
				D812819B1CCDDE93001749E9 /* GNTheme.swift in Sources */,
				D812818D1CCD9AA3001749E9 /* MainWindowController.swift in Sources */,
				D8CC00AF1CE6798600D13331 /* GhostNote.swift in Sources */,
				D81281991CCDCFD8001749E9 /* NotesTableViewController.swift in Sources */,
				D807C1C61D302353007F3BD6 /* CustomTextView.swift in Sources */,
				D80001B41CD88BDC00255E54 /* NoteTextViewController.swift in Sources */,
				D8CD4DB11D317269008C7427 /* NSImageExtensions.swift in Sources */,
				D81281AA1CCEB60B001749E9 /* NoteManager.swift in Sources */,
				D8151CC41D027F6A00F04C24 /* DeletableTableView.swift in Sources */,
				D8265A671CDC10210054AF57 /* TaskNameValidator.swift in Sources */,
				D84F16E61CC71215005612BB /* NotesViewController.swift in Sources */,
				D84F16D61CC553DC005612BB /* Document.swift in Sources */,
				D8D30DAF1D02A1D3004009F7 /* GhostNotesDocTableViewController.swift in Sources */,
				D82F61B81D13C2F000721EB6 /* NSTextFieldExtensions.swift in Sources */,
				D8265A611CDB15F00054AF57 /* TasksController.swift in Sources */,
				D872BA761D0BDCBF00C0C556 /* SelectableCell.swift in Sources */,
				D8FF023E1D0A6D6C004AE6E2 /* HeaderCell.swift in Sources */,
				D86A9FBA1D148FCC00F6DFF9 /* CustomSplitView.swift in Sources */,
				D824C8D81D18739C00246E8C /* NoteSearchController.swift in Sources */,
				D8FEA3D01D3B38B000DA822F /* NSAttributesStringExtensions.swift in Sources */,
				D8265A631CDB18760054AF57 /* TaskListCell.swift in Sources */,
				D8265A651CDBE37E0054AF57 /* TaskCell.swift in Sources */,
				D803FEC11D2219B900360741 /* ConfirmDeleteViewController.swift in Sources */,
				D84F16DD1CC60EB6005612BB /* AppCell.swift in Sources */,
				D803FEBE1D220E4400360741 /* NSTableViewExtensions.swift in Sources */,
				D86FA0471D35F01200FFEC80 /* NSColorExtensions.swift in Sources */,
				D81281961CCDCE6C001749E9 /* NoteCell.swift in Sources */,
				D8D10EC61CC48A9F00A434F6 /* AppDelegate.swift in Sources */,
				D84F16C51CC54ED6005612BB /* AppIconProvider.swift in Sources */,
				D812818A1CCD98C0001749E9 /* ButtonNavViewController.swift in Sources */,
				D8D30DAD1D02A1BD004009F7 /* GhostNotesAppTableViewController.swift in Sources */,
			);
			runOnlyForDeploymentPostprocessing = 0;
		};
		D8D10ED01CC48A9F00A434F6 /* Sources */ = {
			isa = PBXSourcesBuildPhase;
			buildActionMask = 2147483647;
			files = (
				D824C8DE1D18E45C00246E8C /* NotesSearchControllerTests.swift in Sources */,
				D8D10ED91CC48A9F00A434F6 /* Ghostnote_BrowserTests.swift in Sources */,
			);
			runOnlyForDeploymentPostprocessing = 0;
		};
		D8D10EDB1CC48A9F00A434F6 /* Sources */ = {
			isa = PBXSourcesBuildPhase;
			buildActionMask = 2147483647;
			files = (
				D8D10EE41CC48A9F00A434F6 /* Ghostnote_BrowserUITests.swift in Sources */,
			);
			runOnlyForDeploymentPostprocessing = 0;
		};
/* End PBXSourcesBuildPhase section */

/* Begin PBXTargetDependency section */
		D8D10ED61CC48A9F00A434F6 /* PBXTargetDependency */ = {
			isa = PBXTargetDependency;
			target = D8D10EC11CC48A9F00A434F6 /* Ghostnote Browser */;
			targetProxy = D8D10ED51CC48A9F00A434F6 /* PBXContainerItemProxy */;
		};
		D8D10EE11CC48A9F00A434F6 /* PBXTargetDependency */ = {
			isa = PBXTargetDependency;
			target = D8D10EC11CC48A9F00A434F6 /* Ghostnote Browser */;
			targetProxy = D8D10EE01CC48A9F00A434F6 /* PBXContainerItemProxy */;
		};
/* End PBXTargetDependency section */

/* Begin PBXVariantGroup section */
		D8D10ECC1CC48A9F00A434F6 /* MainMenu.xib */ = {
			isa = PBXVariantGroup;
			children = (
				D8D10ECD1CC48A9F00A434F6 /* Base */,
			);
			name = MainMenu.xib;
			sourceTree = "<group>";
		};
/* End PBXVariantGroup section */

/* Begin XCBuildConfiguration section */
		D8D10EE61CC48A9F00A434F6 /* Debug */ = {
			isa = XCBuildConfiguration;
			buildSettings = {
				ALWAYS_SEARCH_USER_PATHS = NO;
				CLANG_ANALYZER_NONNULL = YES;
				CLANG_CXX_LANGUAGE_STANDARD = "gnu++0x";
				CLANG_CXX_LIBRARY = "libc++";
				CLANG_ENABLE_MODULES = YES;
				CLANG_ENABLE_OBJC_ARC = YES;
				CLANG_WARN_BOOL_CONVERSION = YES;
				CLANG_WARN_CONSTANT_CONVERSION = YES;
				CLANG_WARN_DIRECT_OBJC_ISA_USAGE = YES_ERROR;
				CLANG_WARN_EMPTY_BODY = YES;
				CLANG_WARN_ENUM_CONVERSION = YES;
				CLANG_WARN_INT_CONVERSION = YES;
				CLANG_WARN_OBJC_ROOT_CLASS = YES_ERROR;
				CLANG_WARN_UNREACHABLE_CODE = YES;
				CLANG_WARN__DUPLICATE_METHOD_MATCH = YES;
				CODE_SIGN_IDENTITY = "-";
				COPY_PHASE_STRIP = NO;
				DEBUG_INFORMATION_FORMAT = dwarf;
				ENABLE_STRICT_OBJC_MSGSEND = YES;
				ENABLE_TESTABILITY = YES;
				GCC_C_LANGUAGE_STANDARD = gnu99;
				GCC_DYNAMIC_NO_PIC = NO;
				GCC_NO_COMMON_BLOCKS = YES;
				GCC_OPTIMIZATION_LEVEL = 0;
				GCC_PREPROCESSOR_DEFINITIONS = (
					"DEBUG=1",
					"$(inherited)",
				);
				GCC_WARN_64_TO_32_BIT_CONVERSION = YES;
				GCC_WARN_ABOUT_RETURN_TYPE = YES_ERROR;
				GCC_WARN_UNDECLARED_SELECTOR = YES;
				GCC_WARN_UNINITIALIZED_AUTOS = YES_AGGRESSIVE;
				GCC_WARN_UNUSED_FUNCTION = YES;
				GCC_WARN_UNUSED_VARIABLE = YES;
				MACOSX_DEPLOYMENT_TARGET = 10.11;
				MTL_ENABLE_DEBUG_INFO = YES;
				ONLY_ACTIVE_ARCH = YES;
				SDKROOT = macosx;
				SWIFT_OPTIMIZATION_LEVEL = "-Onone";
			};
			name = Debug;
		};
		D8D10EE71CC48A9F00A434F6 /* Release */ = {
			isa = XCBuildConfiguration;
			buildSettings = {
				ALWAYS_SEARCH_USER_PATHS = NO;
				CLANG_ANALYZER_NONNULL = YES;
				CLANG_CXX_LANGUAGE_STANDARD = "gnu++0x";
				CLANG_CXX_LIBRARY = "libc++";
				CLANG_ENABLE_MODULES = YES;
				CLANG_ENABLE_OBJC_ARC = YES;
				CLANG_WARN_BOOL_CONVERSION = YES;
				CLANG_WARN_CONSTANT_CONVERSION = YES;
				CLANG_WARN_DIRECT_OBJC_ISA_USAGE = YES_ERROR;
				CLANG_WARN_EMPTY_BODY = YES;
				CLANG_WARN_ENUM_CONVERSION = YES;
				CLANG_WARN_INT_CONVERSION = YES;
				CLANG_WARN_OBJC_ROOT_CLASS = YES_ERROR;
				CLANG_WARN_UNREACHABLE_CODE = YES;
				CLANG_WARN__DUPLICATE_METHOD_MATCH = YES;
				CODE_SIGN_IDENTITY = "-";
				COPY_PHASE_STRIP = NO;
				DEBUG_INFORMATION_FORMAT = "dwarf-with-dsym";
				ENABLE_NS_ASSERTIONS = NO;
				ENABLE_STRICT_OBJC_MSGSEND = YES;
				GCC_C_LANGUAGE_STANDARD = gnu99;
				GCC_NO_COMMON_BLOCKS = YES;
				GCC_WARN_64_TO_32_BIT_CONVERSION = YES;
				GCC_WARN_ABOUT_RETURN_TYPE = YES_ERROR;
				GCC_WARN_UNDECLARED_SELECTOR = YES;
				GCC_WARN_UNINITIALIZED_AUTOS = YES_AGGRESSIVE;
				GCC_WARN_UNUSED_FUNCTION = YES;
				GCC_WARN_UNUSED_VARIABLE = YES;
				MACOSX_DEPLOYMENT_TARGET = 10.11;
				MTL_ENABLE_DEBUG_INFO = NO;
				SDKROOT = macosx;
			};
			name = Release;
		};
		D8D10EE91CC48A9F00A434F6 /* Debug */ = {
			isa = XCBuildConfiguration;
			buildSettings = {
				ASSETCATALOG_COMPILER_APPICON_NAME = AppIcon;
				CLANG_ENABLE_MODULES = YES;
				CODE_SIGN_IDENTITY = "Developer ID Application";
				COMBINE_HIDPI_IMAGES = YES;
				FRAMEWORK_SEARCH_PATHS = (
					"$(inherited)",
					"$(PROJECT_DIR)/Carthage/Build/Mac",
				);
				INFOPLIST_FILE = "Ghostnote Browser/Info.plist";
				LD_RUNPATH_SEARCH_PATHS = "$(inherited) @executable_path/../Frameworks";
				MACOSX_DEPLOYMENT_TARGET = 10.10;
				PRODUCT_BUNDLE_IDENTIFIER = "com.ghostnoteapp.Ghostnote-Browser";
				PRODUCT_NAME = "$(TARGET_NAME)";
				SWIFT_OPTIMIZATION_LEVEL = "-Onone";
			};
			name = Debug;
		};
		D8D10EEA1CC48A9F00A434F6 /* Release */ = {
			isa = XCBuildConfiguration;
			buildSettings = {
				ASSETCATALOG_COMPILER_APPICON_NAME = AppIcon;
				CLANG_ENABLE_MODULES = YES;
				CODE_SIGN_IDENTITY = "Developer ID Application";
				COMBINE_HIDPI_IMAGES = YES;
				FRAMEWORK_SEARCH_PATHS = (
					"$(inherited)",
					"$(PROJECT_DIR)/Carthage/Build/Mac",
				);
				INFOPLIST_FILE = "Ghostnote Browser/Info.plist";
				LD_RUNPATH_SEARCH_PATHS = "$(inherited) @executable_path/../Frameworks";
				MACOSX_DEPLOYMENT_TARGET = 10.10;
				PRODUCT_BUNDLE_IDENTIFIER = "com.ghostnoteapp.Ghostnote-Browser";
				PRODUCT_NAME = "$(TARGET_NAME)";
			};
			name = Release;
		};
		D8D10EEC1CC48A9F00A434F6 /* Debug */ = {
			isa = XCBuildConfiguration;
			buildSettings = {
				BUNDLE_LOADER = "$(TEST_HOST)";
				COMBINE_HIDPI_IMAGES = YES;
				INFOPLIST_FILE = "Ghostnote BrowserTests/Info.plist";
				LD_RUNPATH_SEARCH_PATHS = "$(inherited) @executable_path/../Frameworks @loader_path/../Frameworks";
				PRODUCT_BUNDLE_IDENTIFIER = "com.ghostnote.Ghostnote-BrowserTests";
				PRODUCT_NAME = "$(TARGET_NAME)";
				TEST_HOST = "$(BUILT_PRODUCTS_DIR)/Ghostnote Browser.app/Contents/MacOS/Ghostnote Browser";
			};
			name = Debug;
		};
		D8D10EED1CC48A9F00A434F6 /* Release */ = {
			isa = XCBuildConfiguration;
			buildSettings = {
				BUNDLE_LOADER = "$(TEST_HOST)";
				COMBINE_HIDPI_IMAGES = YES;
				INFOPLIST_FILE = "Ghostnote BrowserTests/Info.plist";
				LD_RUNPATH_SEARCH_PATHS = "$(inherited) @executable_path/../Frameworks @loader_path/../Frameworks";
				PRODUCT_BUNDLE_IDENTIFIER = "com.ghostnote.Ghostnote-BrowserTests";
				PRODUCT_NAME = "$(TARGET_NAME)";
				TEST_HOST = "$(BUILT_PRODUCTS_DIR)/Ghostnote Browser.app/Contents/MacOS/Ghostnote Browser";
			};
			name = Release;
		};
		D8D10EEF1CC48A9F00A434F6 /* Debug */ = {
			isa = XCBuildConfiguration;
			buildSettings = {
				COMBINE_HIDPI_IMAGES = YES;
				INFOPLIST_FILE = "Ghostnote BrowserUITests/Info.plist";
				LD_RUNPATH_SEARCH_PATHS = "$(inherited) @executable_path/../Frameworks @loader_path/../Frameworks";
				PRODUCT_BUNDLE_IDENTIFIER = "com.ghostnote.Ghostnote-BrowserUITests";
				PRODUCT_NAME = "$(TARGET_NAME)";
				TEST_TARGET_NAME = "Ghostnote Browser";
			};
			name = Debug;
		};
		D8D10EF01CC48A9F00A434F6 /* Release */ = {
			isa = XCBuildConfiguration;
			buildSettings = {
				COMBINE_HIDPI_IMAGES = YES;
				INFOPLIST_FILE = "Ghostnote BrowserUITests/Info.plist";
				LD_RUNPATH_SEARCH_PATHS = "$(inherited) @executable_path/../Frameworks @loader_path/../Frameworks";
				PRODUCT_BUNDLE_IDENTIFIER = "com.ghostnote.Ghostnote-BrowserUITests";
				PRODUCT_NAME = "$(TARGET_NAME)";
				TEST_TARGET_NAME = "Ghostnote Browser";
			};
			name = Release;
		};
/* End XCBuildConfiguration section */

/* Begin XCConfigurationList section */
		D8D10EBD1CC48A9F00A434F6 /* Build configuration list for PBXProject "Ghostnote Browser" */ = {
			isa = XCConfigurationList;
			buildConfigurations = (
				D8D10EE61CC48A9F00A434F6 /* Debug */,
				D8D10EE71CC48A9F00A434F6 /* Release */,
			);
			defaultConfigurationIsVisible = 0;
			defaultConfigurationName = Release;
		};
		D8D10EE81CC48A9F00A434F6 /* Build configuration list for PBXNativeTarget "Ghostnote Browser" */ = {
			isa = XCConfigurationList;
			buildConfigurations = (
				D8D10EE91CC48A9F00A434F6 /* Debug */,
				D8D10EEA1CC48A9F00A434F6 /* Release */,
			);
			defaultConfigurationIsVisible = 0;
			defaultConfigurationName = Release;
		};
		D8D10EEB1CC48A9F00A434F6 /* Build configuration list for PBXNativeTarget "Ghostnote BrowserTests" */ = {
			isa = XCConfigurationList;
			buildConfigurations = (
				D8D10EEC1CC48A9F00A434F6 /* Debug */,
				D8D10EED1CC48A9F00A434F6 /* Release */,
			);
			defaultConfigurationIsVisible = 0;
			defaultConfigurationName = Release;
		};
		D8D10EEE1CC48A9F00A434F6 /* Build configuration list for PBXNativeTarget "Ghostnote BrowserUITests" */ = {
			isa = XCConfigurationList;
			buildConfigurations = (
				D8D10EEF1CC48A9F00A434F6 /* Debug */,
				D8D10EF01CC48A9F00A434F6 /* Release */,
			);
			defaultConfigurationIsVisible = 0;
			defaultConfigurationName = Release;
		};
/* End XCConfigurationList section */
	};
	rootObject = D8D10EBA1CC48A9F00A434F6 /* Project object */;
}
